
Microsoft Visual Studio Solution File, Format Version 12.00
# Visual Studio 15
VisualStudioVersion = 15.0.26815.3002
MinimumVisualStudioVersion = 10.0.40219.1
Project("{9A19103F-16F7-4668-BE54-9A1E7A4F7556}") = "Client", "Client\Client.csproj", "{6481B999-0479-4162-AC53-5936CE5FD8BF}"
EndProject
Project("{9A19103F-16F7-4668-BE54-9A1E7A4F7556}") = "Tests", "Tests\Tests.csproj", "{CC70B0BB-EC87-45D0-A4AE-2462F99D7573}"
EndProject
Project("{9A19103F-16F7-4668-BE54-9A1E7A4F7556}") = "IntegrationTests", "IntegrationTests\IntegrationTests.csproj", "{1A4E01C2-78A6-4E71-A34A-E911F01CE840}"
EndProject
Project("{2150E333-8FDC-42A3-9474-1A3956D46DE8}") = "Solution Items", "Solution Items", "{1A5ABB89-2797-4946-8D46-F07144F616F3}"
	ProjectSection(SolutionItems) = preProject
		CodeCoverage.runsettings = CodeCoverage.runsettings
		Directory.Build.props = Directory.Build.props
		Directory.Build.targets = Directory.Build.targets
		..\packages.config = ..\packages.config
		..\README.md = ..\README.md
		..\ReleaseNotes.md = ..\ReleaseNotes.md
	EndProjectSection
EndProject
Project("{9A19103F-16F7-4668-BE54-9A1E7A4F7556}") = "Server", "Server\Server.csproj", "{1397EC83-6D03-4D81-95D5-5D11C766C43A}"
EndProject
Project("{2150E333-8FDC-42A3-9474-1A3956D46DE8}") = "Build", "Build", "{E887D106-44B8-46EF-9BCC-FF68AD1A1B71}"
	ProjectSection(SolutionItems) = preProject
		..\build.cmd = ..\build.cmd
		..\build.proj = ..\build.proj
		..\packages.config = ..\packages.config
	EndProjectSection
EndProject
Global
	GlobalSection(SolutionConfigurationPlatforms) = preSolution
		Debug|Any CPU = Debug|Any CPU
		Release|Any CPU = Release|Any CPU
	EndGlobalSection
	GlobalSection(ProjectConfigurationPlatforms) = postSolution
		{6481B999-0479-4162-AC53-5936CE5FD8BF}.Debug|Any CPU.ActiveCfg = Debug|Any CPU
		{6481B999-0479-4162-AC53-5936CE5FD8BF}.Debug|Any CPU.Build.0 = Debug|Any CPU
		{6481B999-0479-4162-AC53-5936CE5FD8BF}.Release|Any CPU.ActiveCfg = Release|Any CPU
		{6481B999-0479-4162-AC53-5936CE5FD8BF}.Release|Any CPU.Build.0 = Release|Any CPU
		{CC70B0BB-EC87-45D0-A4AE-2462F99D7573}.Debug|Any CPU.ActiveCfg = Debug|Any CPU
		{CC70B0BB-EC87-45D0-A4AE-2462F99D7573}.Debug|Any CPU.Build.0 = Debug|Any CPU
		{CC70B0BB-EC87-45D0-A4AE-2462F99D7573}.Release|Any CPU.ActiveCfg = Release|Any CPU
		{CC70B0BB-EC87-45D0-A4AE-2462F99D7573}.Release|Any CPU.Build.0 = Release|Any CPU
		{1A4E01C2-78A6-4E71-A34A-E911F01CE840}.Debug|Any CPU.ActiveCfg = Debug|Any CPU
		{1A4E01C2-78A6-4E71-A34A-E911F01CE840}.Debug|Any CPU.Build.0 = Debug|Any CPU
		{1A4E01C2-78A6-4E71-A34A-E911F01CE840}.Release|Any CPU.ActiveCfg = Release|Any CPU
		{1A4E01C2-78A6-4E71-A34A-E911F01CE840}.Release|Any CPU.Build.0 = Release|Any CPU
		{1397EC83-6D03-4D81-95D5-5D11C766C43A}.Debug|Any CPU.ActiveCfg = Debug|Any CPU
		{1397EC83-6D03-4D81-95D5-5D11C766C43A}.Debug|Any CPU.Build.0 = Debug|Any CPU
		{1397EC83-6D03-4D81-95D5-5D11C766C43A}.Release|Any CPU.ActiveCfg = Release|Any CPU
		{1397EC83-6D03-4D81-95D5-5D11C766C43A}.Release|Any CPU.Build.0 = Release|Any CPU
	EndGlobalSection
	GlobalSection(SolutionProperties) = preSolution
		HideSolutionNode = FALSE
	EndGlobalSection
	GlobalSection(NestedProjects) = preSolution
		{E887D106-44B8-46EF-9BCC-FF68AD1A1B71} = {1A5ABB89-2797-4946-8D46-F07144F616F3}
	EndGlobalSection
	GlobalSection(ExtensibilityGlobals) = postSolution
		SolutionGuid = {51909930-3108-4637-AB70-69F6B1CC3434}
	EndGlobalSection
EndGlobal
