
Microsoft Visual Studio Solution File, Format Version 12.00
# Visual Studio 14
VisualStudioVersion = 14.0.24720.0
MinimumVisualStudioVersion = 10.0.40219.1
Project("{FAE04EC0-301F-11D3-BF4B-00C04F79EFBC}") = "Core", "Core\Core.csproj", "{6481B999-0479-4162-AC53-5936CE5FD8BF}"
EndProject
Project("{FAE04EC0-301F-11D3-BF4B-00C04F79EFBC}") = "Client", "Client\Client.csproj", "{D3EB8C4F-6CF4-4EB4-94E3-BCA31767AE53}"
EndProject
Project("{FAE04EC0-301F-11D3-BF4B-00C04F79EFBC}") = "Tests", "Tests\Tests.csproj", "{CC70B0BB-EC87-45D0-A4AE-2462F99D7573}"
EndProject
Project("{FAE04EC0-301F-11D3-BF4B-00C04F79EFBC}") = "IntegrationTests", "IntegrationTests\IntegrationTests.csproj", "{1A4E01C2-78A6-4E71-A34A-E911F01CE840}"
EndProject
Project("{2150E333-8FDC-42A3-9474-1A3956D46DE8}") = "Solution Items", "Solution Items", "{1A5ABB89-2797-4946-8D46-F07144F616F3}"
	ProjectSection(SolutionItems) = preProject
		GlobalAssemblyInfo.cs = GlobalAssemblyInfo.cs
		Hermes.props = Hermes.props
		Hermes.targets = Hermes.targets
		..\packages.config = ..\packages.config
		..\README.md = ..\README.md
		..\ReleaseNotes.md = ..\ReleaseNotes.md
	EndProjectSection
EndProject
Project("{FAE04EC0-301F-11D3-BF4B-00C04F79EFBC}") = "Server", "Server\Server.csproj", "{1397EC83-6D03-4D81-95D5-5D11C766C43A}"
EndProject
Project("{2150E333-8FDC-42A3-9474-1A3956D46DE8}") = "Build", "Build", "{E887D106-44B8-46EF-9BCC-FF68AD1A1B71}"
	ProjectSection(SolutionItems) = preProject
		build.proj = build.proj
		build\build.targets = build\build.targets
	EndProjectSection
EndProject
Project("{FAE04EC0-301F-11D3-BF4B-00C04F79EFBC}") = "Core.Library", "Core.Library\Core.Library.csproj", "{FDA37B7E-32E7-45C8-9D09-7D34DAB2CC28}"
EndProject
Project("{FAE04EC0-301F-11D3-BF4B-00C04F79EFBC}") = "Client.Library", "Client.Library\Client.Library.csproj", "{A09B1D2D-2DC3-46BB-8E85-19C1D3FC54E8}"
EndProject
Project("{FAE04EC0-301F-11D3-BF4B-00C04F79EFBC}") = "Server.Library", "Server.Library\Server.Library.csproj", "{BB1F9777-4230-4FE2-8EB0-8BD0A13B4408}"
EndProject
Project("{FAE04EC0-301F-11D3-BF4B-00C04F79EFBC}") = "Client.iOS", "Client.iOS\Client.iOS.csproj", "{E1EE11FF-BA01-4919-8984-C61CCF8CAFAB}"
EndProject
Project("{FAE04EC0-301F-11D3-BF4B-00C04F79EFBC}") = "Client.Android", "Client.Android\Client.Android.csproj", "{C2DCD7CF-3780-4003-B4BE-DBA8DA5C6178}"
EndProject
Global
	GlobalSection(SolutionConfigurationPlatforms) = preSolution
		Ad-Hoc|Any CPU = Ad-Hoc|Any CPU
		Ad-Hoc|iPhone = Ad-Hoc|iPhone
		Ad-Hoc|iPhoneSimulator = Ad-Hoc|iPhoneSimulator
		AppStore|Any CPU = AppStore|Any CPU
		AppStore|iPhone = AppStore|iPhone
		AppStore|iPhoneSimulator = AppStore|iPhoneSimulator
		Debug|Any CPU = Debug|Any CPU
		Debug|iPhone = Debug|iPhone
		Debug|iPhoneSimulator = Debug|iPhoneSimulator
		Release|Any CPU = Release|Any CPU
		Release|iPhone = Release|iPhone
		Release|iPhoneSimulator = Release|iPhoneSimulator
	EndGlobalSection
	GlobalSection(ProjectConfigurationPlatforms) = postSolution
		{6481B999-0479-4162-AC53-5936CE5FD8BF}.Ad-Hoc|Any CPU.ActiveCfg = Release|Any CPU
		{6481B999-0479-4162-AC53-5936CE5FD8BF}.Ad-Hoc|Any CPU.Build.0 = Release|Any CPU
		{6481B999-0479-4162-AC53-5936CE5FD8BF}.Ad-Hoc|iPhone.ActiveCfg = Release|Any CPU
		{6481B999-0479-4162-AC53-5936CE5FD8BF}.Ad-Hoc|iPhone.Build.0 = Release|Any CPU
		{6481B999-0479-4162-AC53-5936CE5FD8BF}.Ad-Hoc|iPhoneSimulator.ActiveCfg = Release|Any CPU
		{6481B999-0479-4162-AC53-5936CE5FD8BF}.Ad-Hoc|iPhoneSimulator.Build.0 = Release|Any CPU
		{6481B999-0479-4162-AC53-5936CE5FD8BF}.AppStore|Any CPU.ActiveCfg = Release|Any CPU
		{6481B999-0479-4162-AC53-5936CE5FD8BF}.AppStore|Any CPU.Build.0 = Release|Any CPU
		{6481B999-0479-4162-AC53-5936CE5FD8BF}.AppStore|iPhone.ActiveCfg = Release|Any CPU
		{6481B999-0479-4162-AC53-5936CE5FD8BF}.AppStore|iPhone.Build.0 = Release|Any CPU
		{6481B999-0479-4162-AC53-5936CE5FD8BF}.AppStore|iPhoneSimulator.ActiveCfg = Release|Any CPU
		{6481B999-0479-4162-AC53-5936CE5FD8BF}.AppStore|iPhoneSimulator.Build.0 = Release|Any CPU
		{6481B999-0479-4162-AC53-5936CE5FD8BF}.Debug|Any CPU.ActiveCfg = Debug|Any CPU
		{6481B999-0479-4162-AC53-5936CE5FD8BF}.Debug|Any CPU.Build.0 = Debug|Any CPU
		{6481B999-0479-4162-AC53-5936CE5FD8BF}.Debug|iPhone.ActiveCfg = Debug|Any CPU
		{6481B999-0479-4162-AC53-5936CE5FD8BF}.Debug|iPhone.Build.0 = Debug|Any CPU
		{6481B999-0479-4162-AC53-5936CE5FD8BF}.Debug|iPhoneSimulator.ActiveCfg = Debug|Any CPU
		{6481B999-0479-4162-AC53-5936CE5FD8BF}.Debug|iPhoneSimulator.Build.0 = Debug|Any CPU
		{6481B999-0479-4162-AC53-5936CE5FD8BF}.Release|Any CPU.ActiveCfg = Release|Any CPU
		{6481B999-0479-4162-AC53-5936CE5FD8BF}.Release|Any CPU.Build.0 = Release|Any CPU
		{6481B999-0479-4162-AC53-5936CE5FD8BF}.Release|iPhone.ActiveCfg = Release|Any CPU
		{6481B999-0479-4162-AC53-5936CE5FD8BF}.Release|iPhone.Build.0 = Release|Any CPU
		{6481B999-0479-4162-AC53-5936CE5FD8BF}.Release|iPhoneSimulator.ActiveCfg = Release|Any CPU
		{6481B999-0479-4162-AC53-5936CE5FD8BF}.Release|iPhoneSimulator.Build.0 = Release|Any CPU
		{D3EB8C4F-6CF4-4EB4-94E3-BCA31767AE53}.Ad-Hoc|Any CPU.ActiveCfg = Release|Any CPU
		{D3EB8C4F-6CF4-4EB4-94E3-BCA31767AE53}.Ad-Hoc|Any CPU.Build.0 = Release|Any CPU
		{D3EB8C4F-6CF4-4EB4-94E3-BCA31767AE53}.Ad-Hoc|iPhone.ActiveCfg = Release|Any CPU
		{D3EB8C4F-6CF4-4EB4-94E3-BCA31767AE53}.Ad-Hoc|iPhone.Build.0 = Release|Any CPU
		{D3EB8C4F-6CF4-4EB4-94E3-BCA31767AE53}.Ad-Hoc|iPhoneSimulator.ActiveCfg = Release|Any CPU
		{D3EB8C4F-6CF4-4EB4-94E3-BCA31767AE53}.Ad-Hoc|iPhoneSimulator.Build.0 = Release|Any CPU
		{D3EB8C4F-6CF4-4EB4-94E3-BCA31767AE53}.AppStore|Any CPU.ActiveCfg = Release|Any CPU
		{D3EB8C4F-6CF4-4EB4-94E3-BCA31767AE53}.AppStore|Any CPU.Build.0 = Release|Any CPU
		{D3EB8C4F-6CF4-4EB4-94E3-BCA31767AE53}.AppStore|iPhone.ActiveCfg = Release|Any CPU
		{D3EB8C4F-6CF4-4EB4-94E3-BCA31767AE53}.AppStore|iPhone.Build.0 = Release|Any CPU
		{D3EB8C4F-6CF4-4EB4-94E3-BCA31767AE53}.AppStore|iPhoneSimulator.ActiveCfg = Release|Any CPU
		{D3EB8C4F-6CF4-4EB4-94E3-BCA31767AE53}.AppStore|iPhoneSimulator.Build.0 = Release|Any CPU
		{D3EB8C4F-6CF4-4EB4-94E3-BCA31767AE53}.Debug|Any CPU.ActiveCfg = Debug|Any CPU
		{D3EB8C4F-6CF4-4EB4-94E3-BCA31767AE53}.Debug|Any CPU.Build.0 = Debug|Any CPU
		{D3EB8C4F-6CF4-4EB4-94E3-BCA31767AE53}.Debug|iPhone.ActiveCfg = Debug|Any CPU
		{D3EB8C4F-6CF4-4EB4-94E3-BCA31767AE53}.Debug|iPhone.Build.0 = Debug|Any CPU
		{D3EB8C4F-6CF4-4EB4-94E3-BCA31767AE53}.Debug|iPhoneSimulator.ActiveCfg = Debug|Any CPU
		{D3EB8C4F-6CF4-4EB4-94E3-BCA31767AE53}.Debug|iPhoneSimulator.Build.0 = Debug|Any CPU
		{D3EB8C4F-6CF4-4EB4-94E3-BCA31767AE53}.Release|Any CPU.ActiveCfg = Release|Any CPU
		{D3EB8C4F-6CF4-4EB4-94E3-BCA31767AE53}.Release|Any CPU.Build.0 = Release|Any CPU
		{D3EB8C4F-6CF4-4EB4-94E3-BCA31767AE53}.Release|iPhone.ActiveCfg = Release|Any CPU
		{D3EB8C4F-6CF4-4EB4-94E3-BCA31767AE53}.Release|iPhone.Build.0 = Release|Any CPU
		{D3EB8C4F-6CF4-4EB4-94E3-BCA31767AE53}.Release|iPhoneSimulator.ActiveCfg = Release|Any CPU
		{D3EB8C4F-6CF4-4EB4-94E3-BCA31767AE53}.Release|iPhoneSimulator.Build.0 = Release|Any CPU
		{CC70B0BB-EC87-45D0-A4AE-2462F99D7573}.Ad-Hoc|Any CPU.ActiveCfg = Release|Any CPU
		{CC70B0BB-EC87-45D0-A4AE-2462F99D7573}.Ad-Hoc|Any CPU.Build.0 = Release|Any CPU
		{CC70B0BB-EC87-45D0-A4AE-2462F99D7573}.Ad-Hoc|iPhone.ActiveCfg = Release|Any CPU
		{CC70B0BB-EC87-45D0-A4AE-2462F99D7573}.Ad-Hoc|iPhone.Build.0 = Release|Any CPU
		{CC70B0BB-EC87-45D0-A4AE-2462F99D7573}.Ad-Hoc|iPhoneSimulator.ActiveCfg = Release|Any CPU
		{CC70B0BB-EC87-45D0-A4AE-2462F99D7573}.Ad-Hoc|iPhoneSimulator.Build.0 = Release|Any CPU
		{CC70B0BB-EC87-45D0-A4AE-2462F99D7573}.AppStore|Any CPU.ActiveCfg = Release|Any CPU
		{CC70B0BB-EC87-45D0-A4AE-2462F99D7573}.AppStore|Any CPU.Build.0 = Release|Any CPU
		{CC70B0BB-EC87-45D0-A4AE-2462F99D7573}.AppStore|iPhone.ActiveCfg = Release|Any CPU
		{CC70B0BB-EC87-45D0-A4AE-2462F99D7573}.AppStore|iPhone.Build.0 = Release|Any CPU
		{CC70B0BB-EC87-45D0-A4AE-2462F99D7573}.AppStore|iPhoneSimulator.ActiveCfg = Release|Any CPU
		{CC70B0BB-EC87-45D0-A4AE-2462F99D7573}.AppStore|iPhoneSimulator.Build.0 = Release|Any CPU
		{CC70B0BB-EC87-45D0-A4AE-2462F99D7573}.Debug|Any CPU.ActiveCfg = Debug|Any CPU
		{CC70B0BB-EC87-45D0-A4AE-2462F99D7573}.Debug|Any CPU.Build.0 = Debug|Any CPU
		{CC70B0BB-EC87-45D0-A4AE-2462F99D7573}.Debug|iPhone.ActiveCfg = Debug|Any CPU
		{CC70B0BB-EC87-45D0-A4AE-2462F99D7573}.Debug|iPhone.Build.0 = Debug|Any CPU
		{CC70B0BB-EC87-45D0-A4AE-2462F99D7573}.Debug|iPhoneSimulator.ActiveCfg = Debug|Any CPU
		{CC70B0BB-EC87-45D0-A4AE-2462F99D7573}.Debug|iPhoneSimulator.Build.0 = Debug|Any CPU
		{CC70B0BB-EC87-45D0-A4AE-2462F99D7573}.Release|Any CPU.ActiveCfg = Release|Any CPU
		{CC70B0BB-EC87-45D0-A4AE-2462F99D7573}.Release|Any CPU.Build.0 = Release|Any CPU
		{CC70B0BB-EC87-45D0-A4AE-2462F99D7573}.Release|iPhone.ActiveCfg = Release|Any CPU
		{CC70B0BB-EC87-45D0-A4AE-2462F99D7573}.Release|iPhone.Build.0 = Release|Any CPU
		{CC70B0BB-EC87-45D0-A4AE-2462F99D7573}.Release|iPhoneSimulator.ActiveCfg = Release|Any CPU
		{CC70B0BB-EC87-45D0-A4AE-2462F99D7573}.Release|iPhoneSimulator.Build.0 = Release|Any CPU
		{1A4E01C2-78A6-4E71-A34A-E911F01CE840}.Ad-Hoc|Any CPU.ActiveCfg = Release|Any CPU
		{1A4E01C2-78A6-4E71-A34A-E911F01CE840}.Ad-Hoc|Any CPU.Build.0 = Release|Any CPU
		{1A4E01C2-78A6-4E71-A34A-E911F01CE840}.Ad-Hoc|iPhone.ActiveCfg = Release|Any CPU
		{1A4E01C2-78A6-4E71-A34A-E911F01CE840}.Ad-Hoc|iPhone.Build.0 = Release|Any CPU
		{1A4E01C2-78A6-4E71-A34A-E911F01CE840}.Ad-Hoc|iPhoneSimulator.ActiveCfg = Release|Any CPU
		{1A4E01C2-78A6-4E71-A34A-E911F01CE840}.Ad-Hoc|iPhoneSimulator.Build.0 = Release|Any CPU
		{1A4E01C2-78A6-4E71-A34A-E911F01CE840}.AppStore|Any CPU.ActiveCfg = Release|Any CPU
		{1A4E01C2-78A6-4E71-A34A-E911F01CE840}.AppStore|Any CPU.Build.0 = Release|Any CPU
		{1A4E01C2-78A6-4E71-A34A-E911F01CE840}.AppStore|iPhone.ActiveCfg = Release|Any CPU
		{1A4E01C2-78A6-4E71-A34A-E911F01CE840}.AppStore|iPhone.Build.0 = Release|Any CPU
		{1A4E01C2-78A6-4E71-A34A-E911F01CE840}.AppStore|iPhoneSimulator.ActiveCfg = Release|Any CPU
		{1A4E01C2-78A6-4E71-A34A-E911F01CE840}.AppStore|iPhoneSimulator.Build.0 = Release|Any CPU
		{1A4E01C2-78A6-4E71-A34A-E911F01CE840}.Debug|Any CPU.ActiveCfg = Debug|Any CPU
		{1A4E01C2-78A6-4E71-A34A-E911F01CE840}.Debug|Any CPU.Build.0 = Debug|Any CPU
		{1A4E01C2-78A6-4E71-A34A-E911F01CE840}.Debug|iPhone.ActiveCfg = Debug|Any CPU
		{1A4E01C2-78A6-4E71-A34A-E911F01CE840}.Debug|iPhone.Build.0 = Debug|Any CPU
		{1A4E01C2-78A6-4E71-A34A-E911F01CE840}.Debug|iPhoneSimulator.ActiveCfg = Debug|Any CPU
		{1A4E01C2-78A6-4E71-A34A-E911F01CE840}.Debug|iPhoneSimulator.Build.0 = Debug|Any CPU
		{1A4E01C2-78A6-4E71-A34A-E911F01CE840}.Release|Any CPU.ActiveCfg = Release|Any CPU
		{1A4E01C2-78A6-4E71-A34A-E911F01CE840}.Release|Any CPU.Build.0 = Release|Any CPU
		{1A4E01C2-78A6-4E71-A34A-E911F01CE840}.Release|iPhone.ActiveCfg = Release|Any CPU
		{1A4E01C2-78A6-4E71-A34A-E911F01CE840}.Release|iPhone.Build.0 = Release|Any CPU
		{1A4E01C2-78A6-4E71-A34A-E911F01CE840}.Release|iPhoneSimulator.ActiveCfg = Release|Any CPU
		{1A4E01C2-78A6-4E71-A34A-E911F01CE840}.Release|iPhoneSimulator.Build.0 = Release|Any CPU
		{1397EC83-6D03-4D81-95D5-5D11C766C43A}.Ad-Hoc|Any CPU.ActiveCfg = Release|Any CPU
		{1397EC83-6D03-4D81-95D5-5D11C766C43A}.Ad-Hoc|Any CPU.Build.0 = Release|Any CPU
		{1397EC83-6D03-4D81-95D5-5D11C766C43A}.Ad-Hoc|iPhone.ActiveCfg = Release|Any CPU
		{1397EC83-6D03-4D81-95D5-5D11C766C43A}.Ad-Hoc|iPhone.Build.0 = Release|Any CPU
		{1397EC83-6D03-4D81-95D5-5D11C766C43A}.Ad-Hoc|iPhoneSimulator.ActiveCfg = Release|Any CPU
		{1397EC83-6D03-4D81-95D5-5D11C766C43A}.Ad-Hoc|iPhoneSimulator.Build.0 = Release|Any CPU
		{1397EC83-6D03-4D81-95D5-5D11C766C43A}.AppStore|Any CPU.ActiveCfg = Release|Any CPU
		{1397EC83-6D03-4D81-95D5-5D11C766C43A}.AppStore|Any CPU.Build.0 = Release|Any CPU
		{1397EC83-6D03-4D81-95D5-5D11C766C43A}.AppStore|iPhone.ActiveCfg = Release|Any CPU
		{1397EC83-6D03-4D81-95D5-5D11C766C43A}.AppStore|iPhone.Build.0 = Release|Any CPU
		{1397EC83-6D03-4D81-95D5-5D11C766C43A}.AppStore|iPhoneSimulator.ActiveCfg = Release|Any CPU
		{1397EC83-6D03-4D81-95D5-5D11C766C43A}.AppStore|iPhoneSimulator.Build.0 = Release|Any CPU
		{1397EC83-6D03-4D81-95D5-5D11C766C43A}.Debug|Any CPU.ActiveCfg = Debug|Any CPU
		{1397EC83-6D03-4D81-95D5-5D11C766C43A}.Debug|Any CPU.Build.0 = Debug|Any CPU
		{1397EC83-6D03-4D81-95D5-5D11C766C43A}.Debug|iPhone.ActiveCfg = Debug|Any CPU
		{1397EC83-6D03-4D81-95D5-5D11C766C43A}.Debug|iPhone.Build.0 = Debug|Any CPU
		{1397EC83-6D03-4D81-95D5-5D11C766C43A}.Debug|iPhoneSimulator.ActiveCfg = Debug|Any CPU
		{1397EC83-6D03-4D81-95D5-5D11C766C43A}.Debug|iPhoneSimulator.Build.0 = Debug|Any CPU
		{1397EC83-6D03-4D81-95D5-5D11C766C43A}.Release|Any CPU.ActiveCfg = Release|Any CPU
		{1397EC83-6D03-4D81-95D5-5D11C766C43A}.Release|Any CPU.Build.0 = Release|Any CPU
		{1397EC83-6D03-4D81-95D5-5D11C766C43A}.Release|iPhone.ActiveCfg = Release|Any CPU
		{1397EC83-6D03-4D81-95D5-5D11C766C43A}.Release|iPhone.Build.0 = Release|Any CPU
		{1397EC83-6D03-4D81-95D5-5D11C766C43A}.Release|iPhoneSimulator.ActiveCfg = Release|Any CPU
		{1397EC83-6D03-4D81-95D5-5D11C766C43A}.Release|iPhoneSimulator.Build.0 = Release|Any CPU
		{FDA37B7E-32E7-45C8-9D09-7D34DAB2CC28}.Ad-Hoc|Any CPU.ActiveCfg = Release|Any CPU
		{FDA37B7E-32E7-45C8-9D09-7D34DAB2CC28}.Ad-Hoc|Any CPU.Build.0 = Release|Any CPU
		{FDA37B7E-32E7-45C8-9D09-7D34DAB2CC28}.Ad-Hoc|iPhone.ActiveCfg = Release|Any CPU
		{FDA37B7E-32E7-45C8-9D09-7D34DAB2CC28}.Ad-Hoc|iPhone.Build.0 = Release|Any CPU
		{FDA37B7E-32E7-45C8-9D09-7D34DAB2CC28}.Ad-Hoc|iPhoneSimulator.ActiveCfg = Release|Any CPU
		{FDA37B7E-32E7-45C8-9D09-7D34DAB2CC28}.Ad-Hoc|iPhoneSimulator.Build.0 = Release|Any CPU
		{FDA37B7E-32E7-45C8-9D09-7D34DAB2CC28}.AppStore|Any CPU.ActiveCfg = Release|Any CPU
		{FDA37B7E-32E7-45C8-9D09-7D34DAB2CC28}.AppStore|Any CPU.Build.0 = Release|Any CPU
		{FDA37B7E-32E7-45C8-9D09-7D34DAB2CC28}.AppStore|iPhone.ActiveCfg = Release|Any CPU
		{FDA37B7E-32E7-45C8-9D09-7D34DAB2CC28}.AppStore|iPhone.Build.0 = Release|Any CPU
		{FDA37B7E-32E7-45C8-9D09-7D34DAB2CC28}.AppStore|iPhoneSimulator.ActiveCfg = Release|Any CPU
		{FDA37B7E-32E7-45C8-9D09-7D34DAB2CC28}.AppStore|iPhoneSimulator.Build.0 = Release|Any CPU
		{FDA37B7E-32E7-45C8-9D09-7D34DAB2CC28}.Debug|Any CPU.ActiveCfg = Debug|Any CPU
		{FDA37B7E-32E7-45C8-9D09-7D34DAB2CC28}.Debug|Any CPU.Build.0 = Debug|Any CPU
		{FDA37B7E-32E7-45C8-9D09-7D34DAB2CC28}.Debug|iPhone.ActiveCfg = Debug|Any CPU
		{FDA37B7E-32E7-45C8-9D09-7D34DAB2CC28}.Debug|iPhone.Build.0 = Debug|Any CPU
		{FDA37B7E-32E7-45C8-9D09-7D34DAB2CC28}.Debug|iPhoneSimulator.ActiveCfg = Debug|Any CPU
		{FDA37B7E-32E7-45C8-9D09-7D34DAB2CC28}.Debug|iPhoneSimulator.Build.0 = Debug|Any CPU
		{FDA37B7E-32E7-45C8-9D09-7D34DAB2CC28}.Release|Any CPU.ActiveCfg = Release|Any CPU
		{FDA37B7E-32E7-45C8-9D09-7D34DAB2CC28}.Release|Any CPU.Build.0 = Release|Any CPU
		{FDA37B7E-32E7-45C8-9D09-7D34DAB2CC28}.Release|iPhone.ActiveCfg = Release|Any CPU
		{FDA37B7E-32E7-45C8-9D09-7D34DAB2CC28}.Release|iPhone.Build.0 = Release|Any CPU
		{FDA37B7E-32E7-45C8-9D09-7D34DAB2CC28}.Release|iPhoneSimulator.ActiveCfg = Release|Any CPU
		{FDA37B7E-32E7-45C8-9D09-7D34DAB2CC28}.Release|iPhoneSimulator.Build.0 = Release|Any CPU
		{A09B1D2D-2DC3-46BB-8E85-19C1D3FC54E8}.Ad-Hoc|Any CPU.ActiveCfg = Release|Any CPU
		{A09B1D2D-2DC3-46BB-8E85-19C1D3FC54E8}.Ad-Hoc|Any CPU.Build.0 = Release|Any CPU
		{A09B1D2D-2DC3-46BB-8E85-19C1D3FC54E8}.Ad-Hoc|iPhone.ActiveCfg = Release|Any CPU
		{A09B1D2D-2DC3-46BB-8E85-19C1D3FC54E8}.Ad-Hoc|iPhone.Build.0 = Release|Any CPU
		{A09B1D2D-2DC3-46BB-8E85-19C1D3FC54E8}.Ad-Hoc|iPhoneSimulator.ActiveCfg = Release|Any CPU
		{A09B1D2D-2DC3-46BB-8E85-19C1D3FC54E8}.Ad-Hoc|iPhoneSimulator.Build.0 = Release|Any CPU
		{A09B1D2D-2DC3-46BB-8E85-19C1D3FC54E8}.AppStore|Any CPU.ActiveCfg = Release|Any CPU
		{A09B1D2D-2DC3-46BB-8E85-19C1D3FC54E8}.AppStore|Any CPU.Build.0 = Release|Any CPU
		{A09B1D2D-2DC3-46BB-8E85-19C1D3FC54E8}.AppStore|iPhone.ActiveCfg = Release|Any CPU
		{A09B1D2D-2DC3-46BB-8E85-19C1D3FC54E8}.AppStore|iPhone.Build.0 = Release|Any CPU
		{A09B1D2D-2DC3-46BB-8E85-19C1D3FC54E8}.AppStore|iPhoneSimulator.ActiveCfg = Release|Any CPU
		{A09B1D2D-2DC3-46BB-8E85-19C1D3FC54E8}.AppStore|iPhoneSimulator.Build.0 = Release|Any CPU
		{A09B1D2D-2DC3-46BB-8E85-19C1D3FC54E8}.Debug|Any CPU.ActiveCfg = Debug|Any CPU
		{A09B1D2D-2DC3-46BB-8E85-19C1D3FC54E8}.Debug|Any CPU.Build.0 = Debug|Any CPU
		{A09B1D2D-2DC3-46BB-8E85-19C1D3FC54E8}.Debug|iPhone.ActiveCfg = Debug|Any CPU
		{A09B1D2D-2DC3-46BB-8E85-19C1D3FC54E8}.Debug|iPhone.Build.0 = Debug|Any CPU
		{A09B1D2D-2DC3-46BB-8E85-19C1D3FC54E8}.Debug|iPhoneSimulator.ActiveCfg = Debug|Any CPU
		{A09B1D2D-2DC3-46BB-8E85-19C1D3FC54E8}.Debug|iPhoneSimulator.Build.0 = Debug|Any CPU
		{A09B1D2D-2DC3-46BB-8E85-19C1D3FC54E8}.Release|Any CPU.ActiveCfg = Release|Any CPU
		{A09B1D2D-2DC3-46BB-8E85-19C1D3FC54E8}.Release|Any CPU.Build.0 = Release|Any CPU
		{A09B1D2D-2DC3-46BB-8E85-19C1D3FC54E8}.Release|iPhone.ActiveCfg = Release|Any CPU
		{A09B1D2D-2DC3-46BB-8E85-19C1D3FC54E8}.Release|iPhone.Build.0 = Release|Any CPU
		{A09B1D2D-2DC3-46BB-8E85-19C1D3FC54E8}.Release|iPhoneSimulator.ActiveCfg = Release|Any CPU
		{A09B1D2D-2DC3-46BB-8E85-19C1D3FC54E8}.Release|iPhoneSimulator.Build.0 = Release|Any CPU
		{BB1F9777-4230-4FE2-8EB0-8BD0A13B4408}.Ad-Hoc|Any CPU.ActiveCfg = Release|Any CPU
		{BB1F9777-4230-4FE2-8EB0-8BD0A13B4408}.Ad-Hoc|Any CPU.Build.0 = Release|Any CPU
		{BB1F9777-4230-4FE2-8EB0-8BD0A13B4408}.Ad-Hoc|iPhone.ActiveCfg = Release|Any CPU
		{BB1F9777-4230-4FE2-8EB0-8BD0A13B4408}.Ad-Hoc|iPhone.Build.0 = Release|Any CPU
		{BB1F9777-4230-4FE2-8EB0-8BD0A13B4408}.Ad-Hoc|iPhoneSimulator.ActiveCfg = Release|Any CPU
		{BB1F9777-4230-4FE2-8EB0-8BD0A13B4408}.Ad-Hoc|iPhoneSimulator.Build.0 = Release|Any CPU
		{BB1F9777-4230-4FE2-8EB0-8BD0A13B4408}.AppStore|Any CPU.ActiveCfg = Release|Any CPU
		{BB1F9777-4230-4FE2-8EB0-8BD0A13B4408}.AppStore|Any CPU.Build.0 = Release|Any CPU
		{BB1F9777-4230-4FE2-8EB0-8BD0A13B4408}.AppStore|iPhone.ActiveCfg = Release|Any CPU
		{BB1F9777-4230-4FE2-8EB0-8BD0A13B4408}.AppStore|iPhone.Build.0 = Release|Any CPU
		{BB1F9777-4230-4FE2-8EB0-8BD0A13B4408}.AppStore|iPhoneSimulator.ActiveCfg = Release|Any CPU
		{BB1F9777-4230-4FE2-8EB0-8BD0A13B4408}.AppStore|iPhoneSimulator.Build.0 = Release|Any CPU
		{BB1F9777-4230-4FE2-8EB0-8BD0A13B4408}.Debug|Any CPU.ActiveCfg = Debug|Any CPU
		{BB1F9777-4230-4FE2-8EB0-8BD0A13B4408}.Debug|Any CPU.Build.0 = Debug|Any CPU
		{BB1F9777-4230-4FE2-8EB0-8BD0A13B4408}.Debug|iPhone.ActiveCfg = Debug|Any CPU
		{BB1F9777-4230-4FE2-8EB0-8BD0A13B4408}.Debug|iPhone.Build.0 = Debug|Any CPU
		{BB1F9777-4230-4FE2-8EB0-8BD0A13B4408}.Debug|iPhoneSimulator.ActiveCfg = Debug|Any CPU
		{BB1F9777-4230-4FE2-8EB0-8BD0A13B4408}.Debug|iPhoneSimulator.Build.0 = Debug|Any CPU
		{BB1F9777-4230-4FE2-8EB0-8BD0A13B4408}.Release|Any CPU.ActiveCfg = Release|Any CPU
		{BB1F9777-4230-4FE2-8EB0-8BD0A13B4408}.Release|Any CPU.Build.0 = Release|Any CPU
		{BB1F9777-4230-4FE2-8EB0-8BD0A13B4408}.Release|iPhone.ActiveCfg = Release|Any CPU
		{BB1F9777-4230-4FE2-8EB0-8BD0A13B4408}.Release|iPhone.Build.0 = Release|Any CPU
		{BB1F9777-4230-4FE2-8EB0-8BD0A13B4408}.Release|iPhoneSimulator.ActiveCfg = Release|Any CPU
		{BB1F9777-4230-4FE2-8EB0-8BD0A13B4408}.Release|iPhoneSimulator.Build.0 = Release|Any CPU
		{E1EE11FF-BA01-4919-8984-C61CCF8CAFAB}.Ad-Hoc|Any CPU.ActiveCfg = Release|Any CPU
		{E1EE11FF-BA01-4919-8984-C61CCF8CAFAB}.Ad-Hoc|Any CPU.Build.0 = Release|Any CPU
		{E1EE11FF-BA01-4919-8984-C61CCF8CAFAB}.Ad-Hoc|iPhone.ActiveCfg = Release|Any CPU
		{E1EE11FF-BA01-4919-8984-C61CCF8CAFAB}.Ad-Hoc|iPhone.Build.0 = Release|Any CPU
		{E1EE11FF-BA01-4919-8984-C61CCF8CAFAB}.Ad-Hoc|iPhoneSimulator.ActiveCfg = Release|Any CPU
		{E1EE11FF-BA01-4919-8984-C61CCF8CAFAB}.Ad-Hoc|iPhoneSimulator.Build.0 = Release|Any CPU
		{E1EE11FF-BA01-4919-8984-C61CCF8CAFAB}.AppStore|Any CPU.ActiveCfg = Release|Any CPU
		{E1EE11FF-BA01-4919-8984-C61CCF8CAFAB}.AppStore|Any CPU.Build.0 = Release|Any CPU
		{E1EE11FF-BA01-4919-8984-C61CCF8CAFAB}.AppStore|iPhone.ActiveCfg = Release|Any CPU
		{E1EE11FF-BA01-4919-8984-C61CCF8CAFAB}.AppStore|iPhone.Build.0 = Release|Any CPU
		{E1EE11FF-BA01-4919-8984-C61CCF8CAFAB}.AppStore|iPhoneSimulator.ActiveCfg = Release|Any CPU
		{E1EE11FF-BA01-4919-8984-C61CCF8CAFAB}.AppStore|iPhoneSimulator.Build.0 = Release|Any CPU
		{E1EE11FF-BA01-4919-8984-C61CCF8CAFAB}.Debug|Any CPU.ActiveCfg = Debug|Any CPU
		{E1EE11FF-BA01-4919-8984-C61CCF8CAFAB}.Debug|Any CPU.Build.0 = Debug|Any CPU
		{E1EE11FF-BA01-4919-8984-C61CCF8CAFAB}.Debug|iPhone.ActiveCfg = Debug|Any CPU
		{E1EE11FF-BA01-4919-8984-C61CCF8CAFAB}.Debug|iPhone.Build.0 = Debug|Any CPU
		{E1EE11FF-BA01-4919-8984-C61CCF8CAFAB}.Debug|iPhoneSimulator.ActiveCfg = Debug|Any CPU
		{E1EE11FF-BA01-4919-8984-C61CCF8CAFAB}.Debug|iPhoneSimulator.Build.0 = Debug|Any CPU
		{E1EE11FF-BA01-4919-8984-C61CCF8CAFAB}.Release|Any CPU.ActiveCfg = Release|Any CPU
		{E1EE11FF-BA01-4919-8984-C61CCF8CAFAB}.Release|Any CPU.Build.0 = Release|Any CPU
		{E1EE11FF-BA01-4919-8984-C61CCF8CAFAB}.Release|iPhone.ActiveCfg = Release|Any CPU
		{E1EE11FF-BA01-4919-8984-C61CCF8CAFAB}.Release|iPhone.Build.0 = Release|Any CPU
		{E1EE11FF-BA01-4919-8984-C61CCF8CAFAB}.Release|iPhoneSimulator.ActiveCfg = Release|Any CPU
		{E1EE11FF-BA01-4919-8984-C61CCF8CAFAB}.Release|iPhoneSimulator.Build.0 = Release|Any CPU
		{C2DCD7CF-3780-4003-B4BE-DBA8DA5C6178}.Ad-Hoc|Any CPU.ActiveCfg = Release|Any CPU
		{C2DCD7CF-3780-4003-B4BE-DBA8DA5C6178}.Ad-Hoc|Any CPU.Build.0 = Release|Any CPU
		{C2DCD7CF-3780-4003-B4BE-DBA8DA5C6178}.Ad-Hoc|iPhone.ActiveCfg = Release|Any CPU
		{C2DCD7CF-3780-4003-B4BE-DBA8DA5C6178}.Ad-Hoc|iPhone.Build.0 = Release|Any CPU
		{C2DCD7CF-3780-4003-B4BE-DBA8DA5C6178}.Ad-Hoc|iPhoneSimulator.ActiveCfg = Release|Any CPU
		{C2DCD7CF-3780-4003-B4BE-DBA8DA5C6178}.Ad-Hoc|iPhoneSimulator.Build.0 = Release|Any CPU
		{C2DCD7CF-3780-4003-B4BE-DBA8DA5C6178}.AppStore|Any CPU.ActiveCfg = Release|Any CPU
		{C2DCD7CF-3780-4003-B4BE-DBA8DA5C6178}.AppStore|Any CPU.Build.0 = Release|Any CPU
		{C2DCD7CF-3780-4003-B4BE-DBA8DA5C6178}.AppStore|iPhone.ActiveCfg = Release|Any CPU
		{C2DCD7CF-3780-4003-B4BE-DBA8DA5C6178}.AppStore|iPhone.Build.0 = Release|Any CPU
		{C2DCD7CF-3780-4003-B4BE-DBA8DA5C6178}.AppStore|iPhoneSimulator.ActiveCfg = Release|Any CPU
		{C2DCD7CF-3780-4003-B4BE-DBA8DA5C6178}.AppStore|iPhoneSimulator.Build.0 = Release|Any CPU
		{C2DCD7CF-3780-4003-B4BE-DBA8DA5C6178}.Debug|Any CPU.ActiveCfg = Debug|Any CPU
		{C2DCD7CF-3780-4003-B4BE-DBA8DA5C6178}.Debug|Any CPU.Build.0 = Debug|Any CPU
		{C2DCD7CF-3780-4003-B4BE-DBA8DA5C6178}.Debug|iPhone.ActiveCfg = Debug|Any CPU
		{C2DCD7CF-3780-4003-B4BE-DBA8DA5C6178}.Debug|iPhone.Build.0 = Debug|Any CPU
		{C2DCD7CF-3780-4003-B4BE-DBA8DA5C6178}.Debug|iPhoneSimulator.ActiveCfg = Debug|Any CPU
		{C2DCD7CF-3780-4003-B4BE-DBA8DA5C6178}.Debug|iPhoneSimulator.Build.0 = Debug|Any CPU
		{C2DCD7CF-3780-4003-B4BE-DBA8DA5C6178}.Release|Any CPU.ActiveCfg = Release|Any CPU
		{C2DCD7CF-3780-4003-B4BE-DBA8DA5C6178}.Release|Any CPU.Build.0 = Release|Any CPU
		{C2DCD7CF-3780-4003-B4BE-DBA8DA5C6178}.Release|iPhone.ActiveCfg = Release|Any CPU
		{C2DCD7CF-3780-4003-B4BE-DBA8DA5C6178}.Release|iPhone.Build.0 = Release|Any CPU
		{C2DCD7CF-3780-4003-B4BE-DBA8DA5C6178}.Release|iPhoneSimulator.ActiveCfg = Release|Any CPU
		{C2DCD7CF-3780-4003-B4BE-DBA8DA5C6178}.Release|iPhoneSimulator.Build.0 = Release|Any CPU
	EndGlobalSection
	GlobalSection(SolutionProperties) = preSolution
		HideSolutionNode = FALSE
	EndGlobalSection
	GlobalSection(NestedProjects) = preSolution
		{E887D106-44B8-46EF-9BCC-FF68AD1A1B71} = {1A5ABB89-2797-4946-8D46-F07144F616F3}
	EndGlobalSection
EndGlobal
