
Microsoft Visual Studio Solution File, Format Version 12.00
# Visual Studio 14
VisualStudioVersion = 14.0.25123.0
MinimumVisualStudioVersion = 10.0.40219.1
Project("{FAE04EC0-301F-11D3-BF4B-00C04F79EFBC}") = "Core", "Core\Core.csproj", "{6481B999-0479-4162-AC53-5936CE5FD8BF}"
EndProject
Project("{FAE04EC0-301F-11D3-BF4B-00C04F79EFBC}") = "Client", "Client\Client.csproj", "{D3EB8C4F-6CF4-4EB4-94E3-BCA31767AE53}"
EndProject
Project("{FAE04EC0-301F-11D3-BF4B-00C04F79EFBC}") = "Tests", "Tests\Tests.csproj", "{CC70B0BB-EC87-45D0-A4AE-2462F99D7573}"
EndProject
Project("{FAE04EC0-301F-11D3-BF4B-00C04F79EFBC}") = "IntegrationTests", "IntegrationTests\IntegrationTests.csproj", "{1A4E01C2-78A6-4E71-A34A-E911F01CE840}"
EndProject
Project("{2150E333-8FDC-42A3-9474-1A3956D46DE8}") = "Solution Items", "Solution Items", "{1A5ABB89-2797-4946-8D46-F07144F616F3}"
	ProjectSection(SolutionItems) = preProject
		Before.Hermes.sln.targets = Before.Hermes.sln.targets
		GlobalAssemblyInfo.cs = GlobalAssemblyInfo.cs
		Hermes.props = Hermes.props
		Hermes.targets = Hermes.targets
		NuGet.Restore.targets = NuGet.Restore.targets
		..\packages.config = ..\packages.config
		..\README.md = ..\README.md
		..\ReleaseNotes.md = ..\ReleaseNotes.md
	EndProjectSection
EndProject
Project("{FAE04EC0-301F-11D3-BF4B-00C04F79EFBC}") = "Server", "Server\Server.csproj", "{1397EC83-6D03-4D81-95D5-5D11C766C43A}"
EndProject
Project("{2150E333-8FDC-42A3-9474-1A3956D46DE8}") = "Build", "Build", "{E887D106-44B8-46EF-9BCC-FF68AD1A1B71}"
	ProjectSection(SolutionItems) = preProject
		..\build.cmd = ..\build.cmd
		..\build.proj = ..\build.proj
		..\packages.config = ..\packages.config
	EndProjectSection
EndProject
Project("{D954291E-2A0B-460D-934E-DC6B0785DB48}") = "Core.Shared", "Core.Shared\Core.Shared.shproj", "{9124EFD9-4676-4A79-AFF9-265107DC1D64}"
EndProject
Project("{D954291E-2A0B-460D-934E-DC6B0785DB48}") = "Server.Shared", "Server.Shared\Server.Shared.shproj", "{4E908EDC-CC81-4F9E-BA2F-48416C4A8FFB}"
EndProject
Project("{D954291E-2A0B-460D-934E-DC6B0785DB48}") = "Client.Shared", "Client.Shared\Client.Shared.shproj", "{E314B453-080D-481C-8FB1-356F78DA72FC}"
EndProject
Project("{2150E333-8FDC-42A3-9474-1A3956D46DE8}") = "Platforms", "Platforms", "{59231552-9EA8-48E4-BEBB-A964666F36D0}"
EndProject
Project("{FAE04EC0-301F-11D3-BF4B-00C04F79EFBC}") = "Core.Desktop", "Platforms\Core.Desktop\Core.Desktop.csproj", "{FDA37B7E-32E7-45C8-9D09-7D34DAB2CC28}"
EndProject
Project("{FAE04EC0-301F-11D3-BF4B-00C04F79EFBC}") = "Client.Desktop", "Platforms\Client.Desktop\Client.Desktop.csproj", "{A09B1D2D-2DC3-46BB-8E85-19C1D3FC54E8}"
EndProject
Project("{FAE04EC0-301F-11D3-BF4B-00C04F79EFBC}") = "Server.Desktop", "Platforms\Server.Desktop\Server.Desktop.csproj", "{BB1F9777-4230-4FE2-8EB0-8BD0A13B4408}"
EndProject
Project("{FAE04EC0-301F-11D3-BF4B-00C04F79EFBC}") = "Client.iOS", "Platforms\Client.iOS\Client.iOS.csproj", "{E1EE11FF-BA01-4919-8984-C61CCF8CAFAB}"
EndProject
Project("{FAE04EC0-301F-11D3-BF4B-00C04F79EFBC}") = "Server.iOS", "Platforms\Server.iOS\Server.iOS.csproj", "{D92D7642-43D3-47F9-B5E5-9D8F5944AC84}"
EndProject
Project("{FAE04EC0-301F-11D3-BF4B-00C04F79EFBC}") = "Client.Android", "Platforms\Client.Android\Client.Android.csproj", "{C2DCD7CF-3780-4003-B4BE-DBA8DA5C6178}"
EndProject
Project("{FAE04EC0-301F-11D3-BF4B-00C04F79EFBC}") = "Server.Android", "Platforms\Server.Android\Server.Android.csproj", "{92A500B2-6AC1-4E57-9028-210A1E1B3BBF}"
EndProject
Project("{FAE04EC0-301F-11D3-BF4B-00C04F79EFBC}") = "Client.Portable", "Platforms\Client.Portable\Client.Portable.csproj", "{9C9AA9C9-09C7-48DC-8D9C-311E8EB91E65}"
EndProject
Project("{FAE04EC0-301F-11D3-BF4B-00C04F79EFBC}") = "Server.Portable", "Platforms\Server.Portable\Server.Portable.csproj", "{C8D56B2D-5828-4D8F-A3DE-5458C31D714A}"
EndProject
Global
	GlobalSection(SharedMSBuildProjectFiles) = preSolution
		Client.Shared\Client.Shared.projitems*{a09b1d2d-2dc3-46bb-8e85-19c1d3fc54e8}*SharedItemsImports = 4
		Core.Shared\Core.Shared.projitems*{e1ee11ff-ba01-4919-8984-c61ccf8cafab}*SharedItemsImports = 4
		Client.Shared\Client.Shared.projitems*{e1ee11ff-ba01-4919-8984-c61ccf8cafab}*SharedItemsImports = 4
		Client.Shared\Client.Shared.projitems*{9c9aa9c9-09c7-48dc-8d9c-311e8eb91e65}*SharedItemsImports = 4
		Core.Shared\Core.Shared.projitems*{fda37b7e-32e7-45c8-9d09-7d34dab2cc28}*SharedItemsImports = 4
		Server.Shared\Server.Shared.projitems*{c8d56b2d-5828-4d8f-a3de-5458c31d714a}*SharedItemsImports = 4
		Server.Shared\Server.Shared.projitems*{4e908edc-cc81-4f9e-ba2f-48416c4a8ffb}*SharedItemsImports = 13
		Server.Shared\Server.Shared.projitems*{92a500b2-6ac1-4e57-9028-210a1e1b3bbf}*SharedItemsImports = 4
		Client.Shared\Client.Shared.projitems*{e314b453-080d-481c-8fb1-356f78da72fc}*SharedItemsImports = 13
		Core.Shared\Core.Shared.projitems*{9124efd9-4676-4a79-aff9-265107dc1d64}*SharedItemsImports = 13
		Server.Shared\Server.Shared.projitems*{d92d7642-43d3-47f9-b5e5-9d8f5944ac84}*SharedItemsImports = 4
		Core.Shared\Core.Shared.projitems*{c2dcd7cf-3780-4003-b4be-dba8da5c6178}*SharedItemsImports = 4
		Client.Shared\Client.Shared.projitems*{c2dcd7cf-3780-4003-b4be-dba8da5c6178}*SharedItemsImports = 4
		Server.Shared\Server.Shared.projitems*{bb1f9777-4230-4fe2-8eb0-8bd0a13b4408}*SharedItemsImports = 4
	EndGlobalSection
	GlobalSection(SolutionConfigurationPlatforms) = preSolution
		Ad-Hoc|Any CPU = Ad-Hoc|Any CPU
		Ad-Hoc|ARM = Ad-Hoc|ARM
		Ad-Hoc|iPhone = Ad-Hoc|iPhone
		Ad-Hoc|iPhoneSimulator = Ad-Hoc|iPhoneSimulator
		Ad-Hoc|x86 = Ad-Hoc|x86
		AppStore|Any CPU = AppStore|Any CPU
		AppStore|ARM = AppStore|ARM
		AppStore|iPhone = AppStore|iPhone
		AppStore|iPhoneSimulator = AppStore|iPhoneSimulator
		AppStore|x86 = AppStore|x86
		Debug|Any CPU = Debug|Any CPU
		Debug|ARM = Debug|ARM
		Debug|iPhone = Debug|iPhone
		Debug|iPhoneSimulator = Debug|iPhoneSimulator
		Debug|x86 = Debug|x86
		Release|Any CPU = Release|Any CPU
		Release|ARM = Release|ARM
		Release|iPhone = Release|iPhone
		Release|iPhoneSimulator = Release|iPhoneSimulator
		Release|x86 = Release|x86
	EndGlobalSection
	GlobalSection(ProjectConfigurationPlatforms) = postSolution
		{6481B999-0479-4162-AC53-5936CE5FD8BF}.Ad-Hoc|Any CPU.ActiveCfg = Release|Any CPU
		{6481B999-0479-4162-AC53-5936CE5FD8BF}.Ad-Hoc|Any CPU.Build.0 = Release|Any CPU
		{6481B999-0479-4162-AC53-5936CE5FD8BF}.Ad-Hoc|ARM.ActiveCfg = Debug|Any CPU
		{6481B999-0479-4162-AC53-5936CE5FD8BF}.Ad-Hoc|ARM.Build.0 = Debug|Any CPU
		{6481B999-0479-4162-AC53-5936CE5FD8BF}.Ad-Hoc|iPhone.ActiveCfg = Release|Any CPU
		{6481B999-0479-4162-AC53-5936CE5FD8BF}.Ad-Hoc|iPhone.Build.0 = Release|Any CPU
		{6481B999-0479-4162-AC53-5936CE5FD8BF}.Ad-Hoc|iPhoneSimulator.ActiveCfg = Release|Any CPU
		{6481B999-0479-4162-AC53-5936CE5FD8BF}.Ad-Hoc|iPhoneSimulator.Build.0 = Release|Any CPU
		{6481B999-0479-4162-AC53-5936CE5FD8BF}.Ad-Hoc|x86.ActiveCfg = Debug|Any CPU
		{6481B999-0479-4162-AC53-5936CE5FD8BF}.Ad-Hoc|x86.Build.0 = Debug|Any CPU
		{6481B999-0479-4162-AC53-5936CE5FD8BF}.AppStore|Any CPU.ActiveCfg = Release|Any CPU
		{6481B999-0479-4162-AC53-5936CE5FD8BF}.AppStore|Any CPU.Build.0 = Release|Any CPU
		{6481B999-0479-4162-AC53-5936CE5FD8BF}.AppStore|ARM.ActiveCfg = Debug|Any CPU
		{6481B999-0479-4162-AC53-5936CE5FD8BF}.AppStore|ARM.Build.0 = Debug|Any CPU
		{6481B999-0479-4162-AC53-5936CE5FD8BF}.AppStore|iPhone.ActiveCfg = Release|Any CPU
		{6481B999-0479-4162-AC53-5936CE5FD8BF}.AppStore|iPhone.Build.0 = Release|Any CPU
		{6481B999-0479-4162-AC53-5936CE5FD8BF}.AppStore|iPhoneSimulator.ActiveCfg = Release|Any CPU
		{6481B999-0479-4162-AC53-5936CE5FD8BF}.AppStore|iPhoneSimulator.Build.0 = Release|Any CPU
		{6481B999-0479-4162-AC53-5936CE5FD8BF}.AppStore|x86.ActiveCfg = Debug|Any CPU
		{6481B999-0479-4162-AC53-5936CE5FD8BF}.AppStore|x86.Build.0 = Debug|Any CPU
		{6481B999-0479-4162-AC53-5936CE5FD8BF}.Debug|Any CPU.ActiveCfg = Debug|Any CPU
		{6481B999-0479-4162-AC53-5936CE5FD8BF}.Debug|Any CPU.Build.0 = Debug|Any CPU
		{6481B999-0479-4162-AC53-5936CE5FD8BF}.Debug|ARM.ActiveCfg = Debug|Any CPU
		{6481B999-0479-4162-AC53-5936CE5FD8BF}.Debug|ARM.Build.0 = Debug|Any CPU
		{6481B999-0479-4162-AC53-5936CE5FD8BF}.Debug|iPhone.ActiveCfg = Debug|Any CPU
		{6481B999-0479-4162-AC53-5936CE5FD8BF}.Debug|iPhone.Build.0 = Debug|Any CPU
		{6481B999-0479-4162-AC53-5936CE5FD8BF}.Debug|iPhoneSimulator.ActiveCfg = Debug|Any CPU
		{6481B999-0479-4162-AC53-5936CE5FD8BF}.Debug|iPhoneSimulator.Build.0 = Debug|Any CPU
		{6481B999-0479-4162-AC53-5936CE5FD8BF}.Debug|x86.ActiveCfg = Debug|Any CPU
		{6481B999-0479-4162-AC53-5936CE5FD8BF}.Debug|x86.Build.0 = Debug|Any CPU
		{6481B999-0479-4162-AC53-5936CE5FD8BF}.Release|Any CPU.ActiveCfg = Release|Any CPU
		{6481B999-0479-4162-AC53-5936CE5FD8BF}.Release|Any CPU.Build.0 = Release|Any CPU
		{6481B999-0479-4162-AC53-5936CE5FD8BF}.Release|ARM.ActiveCfg = Release|Any CPU
		{6481B999-0479-4162-AC53-5936CE5FD8BF}.Release|ARM.Build.0 = Release|Any CPU
		{6481B999-0479-4162-AC53-5936CE5FD8BF}.Release|iPhone.ActiveCfg = Release|Any CPU
		{6481B999-0479-4162-AC53-5936CE5FD8BF}.Release|iPhone.Build.0 = Release|Any CPU
		{6481B999-0479-4162-AC53-5936CE5FD8BF}.Release|iPhoneSimulator.ActiveCfg = Release|Any CPU
		{6481B999-0479-4162-AC53-5936CE5FD8BF}.Release|iPhoneSimulator.Build.0 = Release|Any CPU
		{6481B999-0479-4162-AC53-5936CE5FD8BF}.Release|x86.ActiveCfg = Release|Any CPU
		{6481B999-0479-4162-AC53-5936CE5FD8BF}.Release|x86.Build.0 = Release|Any CPU
		{D3EB8C4F-6CF4-4EB4-94E3-BCA31767AE53}.Ad-Hoc|Any CPU.ActiveCfg = Release|Any CPU
		{D3EB8C4F-6CF4-4EB4-94E3-BCA31767AE53}.Ad-Hoc|Any CPU.Build.0 = Release|Any CPU
		{D3EB8C4F-6CF4-4EB4-94E3-BCA31767AE53}.Ad-Hoc|ARM.ActiveCfg = Debug|Any CPU
		{D3EB8C4F-6CF4-4EB4-94E3-BCA31767AE53}.Ad-Hoc|ARM.Build.0 = Debug|Any CPU
		{D3EB8C4F-6CF4-4EB4-94E3-BCA31767AE53}.Ad-Hoc|iPhone.ActiveCfg = Release|Any CPU
		{D3EB8C4F-6CF4-4EB4-94E3-BCA31767AE53}.Ad-Hoc|iPhone.Build.0 = Release|Any CPU
		{D3EB8C4F-6CF4-4EB4-94E3-BCA31767AE53}.Ad-Hoc|iPhoneSimulator.ActiveCfg = Release|Any CPU
		{D3EB8C4F-6CF4-4EB4-94E3-BCA31767AE53}.Ad-Hoc|iPhoneSimulator.Build.0 = Release|Any CPU
		{D3EB8C4F-6CF4-4EB4-94E3-BCA31767AE53}.Ad-Hoc|x86.ActiveCfg = Debug|Any CPU
		{D3EB8C4F-6CF4-4EB4-94E3-BCA31767AE53}.Ad-Hoc|x86.Build.0 = Debug|Any CPU
		{D3EB8C4F-6CF4-4EB4-94E3-BCA31767AE53}.AppStore|Any CPU.ActiveCfg = Release|Any CPU
		{D3EB8C4F-6CF4-4EB4-94E3-BCA31767AE53}.AppStore|Any CPU.Build.0 = Release|Any CPU
		{D3EB8C4F-6CF4-4EB4-94E3-BCA31767AE53}.AppStore|ARM.ActiveCfg = Debug|Any CPU
		{D3EB8C4F-6CF4-4EB4-94E3-BCA31767AE53}.AppStore|ARM.Build.0 = Debug|Any CPU
		{D3EB8C4F-6CF4-4EB4-94E3-BCA31767AE53}.AppStore|iPhone.ActiveCfg = Release|Any CPU
		{D3EB8C4F-6CF4-4EB4-94E3-BCA31767AE53}.AppStore|iPhone.Build.0 = Release|Any CPU
		{D3EB8C4F-6CF4-4EB4-94E3-BCA31767AE53}.AppStore|iPhoneSimulator.ActiveCfg = Release|Any CPU
		{D3EB8C4F-6CF4-4EB4-94E3-BCA31767AE53}.AppStore|iPhoneSimulator.Build.0 = Release|Any CPU
		{D3EB8C4F-6CF4-4EB4-94E3-BCA31767AE53}.AppStore|x86.ActiveCfg = Debug|Any CPU
		{D3EB8C4F-6CF4-4EB4-94E3-BCA31767AE53}.AppStore|x86.Build.0 = Debug|Any CPU
		{D3EB8C4F-6CF4-4EB4-94E3-BCA31767AE53}.Debug|Any CPU.ActiveCfg = Debug|Any CPU
		{D3EB8C4F-6CF4-4EB4-94E3-BCA31767AE53}.Debug|Any CPU.Build.0 = Debug|Any CPU
		{D3EB8C4F-6CF4-4EB4-94E3-BCA31767AE53}.Debug|ARM.ActiveCfg = Debug|Any CPU
		{D3EB8C4F-6CF4-4EB4-94E3-BCA31767AE53}.Debug|ARM.Build.0 = Debug|Any CPU
		{D3EB8C4F-6CF4-4EB4-94E3-BCA31767AE53}.Debug|iPhone.ActiveCfg = Debug|Any CPU
		{D3EB8C4F-6CF4-4EB4-94E3-BCA31767AE53}.Debug|iPhone.Build.0 = Debug|Any CPU
		{D3EB8C4F-6CF4-4EB4-94E3-BCA31767AE53}.Debug|iPhoneSimulator.ActiveCfg = Debug|Any CPU
		{D3EB8C4F-6CF4-4EB4-94E3-BCA31767AE53}.Debug|iPhoneSimulator.Build.0 = Debug|Any CPU
		{D3EB8C4F-6CF4-4EB4-94E3-BCA31767AE53}.Debug|x86.ActiveCfg = Debug|Any CPU
		{D3EB8C4F-6CF4-4EB4-94E3-BCA31767AE53}.Debug|x86.Build.0 = Debug|Any CPU
		{D3EB8C4F-6CF4-4EB4-94E3-BCA31767AE53}.Release|Any CPU.ActiveCfg = Release|Any CPU
		{D3EB8C4F-6CF4-4EB4-94E3-BCA31767AE53}.Release|Any CPU.Build.0 = Release|Any CPU
		{D3EB8C4F-6CF4-4EB4-94E3-BCA31767AE53}.Release|ARM.ActiveCfg = Release|Any CPU
		{D3EB8C4F-6CF4-4EB4-94E3-BCA31767AE53}.Release|ARM.Build.0 = Release|Any CPU
		{D3EB8C4F-6CF4-4EB4-94E3-BCA31767AE53}.Release|iPhone.ActiveCfg = Release|Any CPU
		{D3EB8C4F-6CF4-4EB4-94E3-BCA31767AE53}.Release|iPhone.Build.0 = Release|Any CPU
		{D3EB8C4F-6CF4-4EB4-94E3-BCA31767AE53}.Release|iPhoneSimulator.ActiveCfg = Release|Any CPU
		{D3EB8C4F-6CF4-4EB4-94E3-BCA31767AE53}.Release|iPhoneSimulator.Build.0 = Release|Any CPU
		{D3EB8C4F-6CF4-4EB4-94E3-BCA31767AE53}.Release|x86.ActiveCfg = Release|Any CPU
		{D3EB8C4F-6CF4-4EB4-94E3-BCA31767AE53}.Release|x86.Build.0 = Release|Any CPU
		{CC70B0BB-EC87-45D0-A4AE-2462F99D7573}.Ad-Hoc|Any CPU.ActiveCfg = Release|Any CPU
		{CC70B0BB-EC87-45D0-A4AE-2462F99D7573}.Ad-Hoc|Any CPU.Build.0 = Release|Any CPU
		{CC70B0BB-EC87-45D0-A4AE-2462F99D7573}.Ad-Hoc|ARM.ActiveCfg = Debug|Any CPU
		{CC70B0BB-EC87-45D0-A4AE-2462F99D7573}.Ad-Hoc|ARM.Build.0 = Debug|Any CPU
		{CC70B0BB-EC87-45D0-A4AE-2462F99D7573}.Ad-Hoc|iPhone.ActiveCfg = Release|Any CPU
		{CC70B0BB-EC87-45D0-A4AE-2462F99D7573}.Ad-Hoc|iPhone.Build.0 = Release|Any CPU
		{CC70B0BB-EC87-45D0-A4AE-2462F99D7573}.Ad-Hoc|iPhoneSimulator.ActiveCfg = Release|Any CPU
		{CC70B0BB-EC87-45D0-A4AE-2462F99D7573}.Ad-Hoc|iPhoneSimulator.Build.0 = Release|Any CPU
		{CC70B0BB-EC87-45D0-A4AE-2462F99D7573}.Ad-Hoc|x86.ActiveCfg = Debug|Any CPU
		{CC70B0BB-EC87-45D0-A4AE-2462F99D7573}.Ad-Hoc|x86.Build.0 = Debug|Any CPU
		{CC70B0BB-EC87-45D0-A4AE-2462F99D7573}.AppStore|Any CPU.ActiveCfg = Release|Any CPU
		{CC70B0BB-EC87-45D0-A4AE-2462F99D7573}.AppStore|Any CPU.Build.0 = Release|Any CPU
		{CC70B0BB-EC87-45D0-A4AE-2462F99D7573}.AppStore|ARM.ActiveCfg = Debug|Any CPU
		{CC70B0BB-EC87-45D0-A4AE-2462F99D7573}.AppStore|ARM.Build.0 = Debug|Any CPU
		{CC70B0BB-EC87-45D0-A4AE-2462F99D7573}.AppStore|iPhone.ActiveCfg = Release|Any CPU
		{CC70B0BB-EC87-45D0-A4AE-2462F99D7573}.AppStore|iPhone.Build.0 = Release|Any CPU
		{CC70B0BB-EC87-45D0-A4AE-2462F99D7573}.AppStore|iPhoneSimulator.ActiveCfg = Release|Any CPU
		{CC70B0BB-EC87-45D0-A4AE-2462F99D7573}.AppStore|iPhoneSimulator.Build.0 = Release|Any CPU
		{CC70B0BB-EC87-45D0-A4AE-2462F99D7573}.AppStore|x86.ActiveCfg = Debug|Any CPU
		{CC70B0BB-EC87-45D0-A4AE-2462F99D7573}.AppStore|x86.Build.0 = Debug|Any CPU
		{CC70B0BB-EC87-45D0-A4AE-2462F99D7573}.Debug|Any CPU.ActiveCfg = Debug|Any CPU
		{CC70B0BB-EC87-45D0-A4AE-2462F99D7573}.Debug|Any CPU.Build.0 = Debug|Any CPU
		{CC70B0BB-EC87-45D0-A4AE-2462F99D7573}.Debug|ARM.ActiveCfg = Debug|Any CPU
		{CC70B0BB-EC87-45D0-A4AE-2462F99D7573}.Debug|ARM.Build.0 = Debug|Any CPU
		{CC70B0BB-EC87-45D0-A4AE-2462F99D7573}.Debug|iPhone.ActiveCfg = Debug|Any CPU
		{CC70B0BB-EC87-45D0-A4AE-2462F99D7573}.Debug|iPhone.Build.0 = Debug|Any CPU
		{CC70B0BB-EC87-45D0-A4AE-2462F99D7573}.Debug|iPhoneSimulator.ActiveCfg = Debug|Any CPU
		{CC70B0BB-EC87-45D0-A4AE-2462F99D7573}.Debug|iPhoneSimulator.Build.0 = Debug|Any CPU
		{CC70B0BB-EC87-45D0-A4AE-2462F99D7573}.Debug|x86.ActiveCfg = Debug|Any CPU
		{CC70B0BB-EC87-45D0-A4AE-2462F99D7573}.Debug|x86.Build.0 = Debug|Any CPU
		{CC70B0BB-EC87-45D0-A4AE-2462F99D7573}.Release|Any CPU.ActiveCfg = Release|Any CPU
		{CC70B0BB-EC87-45D0-A4AE-2462F99D7573}.Release|Any CPU.Build.0 = Release|Any CPU
		{CC70B0BB-EC87-45D0-A4AE-2462F99D7573}.Release|ARM.ActiveCfg = Release|Any CPU
		{CC70B0BB-EC87-45D0-A4AE-2462F99D7573}.Release|ARM.Build.0 = Release|Any CPU
		{CC70B0BB-EC87-45D0-A4AE-2462F99D7573}.Release|iPhone.ActiveCfg = Release|Any CPU
		{CC70B0BB-EC87-45D0-A4AE-2462F99D7573}.Release|iPhone.Build.0 = Release|Any CPU
		{CC70B0BB-EC87-45D0-A4AE-2462F99D7573}.Release|iPhoneSimulator.ActiveCfg = Release|Any CPU
		{CC70B0BB-EC87-45D0-A4AE-2462F99D7573}.Release|iPhoneSimulator.Build.0 = Release|Any CPU
		{CC70B0BB-EC87-45D0-A4AE-2462F99D7573}.Release|x86.ActiveCfg = Release|Any CPU
		{CC70B0BB-EC87-45D0-A4AE-2462F99D7573}.Release|x86.Build.0 = Release|Any CPU
		{1A4E01C2-78A6-4E71-A34A-E911F01CE840}.Ad-Hoc|Any CPU.ActiveCfg = Release|Any CPU
		{1A4E01C2-78A6-4E71-A34A-E911F01CE840}.Ad-Hoc|Any CPU.Build.0 = Release|Any CPU
		{1A4E01C2-78A6-4E71-A34A-E911F01CE840}.Ad-Hoc|ARM.ActiveCfg = Debug|Any CPU
		{1A4E01C2-78A6-4E71-A34A-E911F01CE840}.Ad-Hoc|ARM.Build.0 = Debug|Any CPU
		{1A4E01C2-78A6-4E71-A34A-E911F01CE840}.Ad-Hoc|iPhone.ActiveCfg = Release|Any CPU
		{1A4E01C2-78A6-4E71-A34A-E911F01CE840}.Ad-Hoc|iPhone.Build.0 = Release|Any CPU
		{1A4E01C2-78A6-4E71-A34A-E911F01CE840}.Ad-Hoc|iPhoneSimulator.ActiveCfg = Release|Any CPU
		{1A4E01C2-78A6-4E71-A34A-E911F01CE840}.Ad-Hoc|iPhoneSimulator.Build.0 = Release|Any CPU
		{1A4E01C2-78A6-4E71-A34A-E911F01CE840}.Ad-Hoc|x86.ActiveCfg = Debug|Any CPU
		{1A4E01C2-78A6-4E71-A34A-E911F01CE840}.Ad-Hoc|x86.Build.0 = Debug|Any CPU
		{1A4E01C2-78A6-4E71-A34A-E911F01CE840}.AppStore|Any CPU.ActiveCfg = Release|Any CPU
		{1A4E01C2-78A6-4E71-A34A-E911F01CE840}.AppStore|Any CPU.Build.0 = Release|Any CPU
		{1A4E01C2-78A6-4E71-A34A-E911F01CE840}.AppStore|ARM.ActiveCfg = Debug|Any CPU
		{1A4E01C2-78A6-4E71-A34A-E911F01CE840}.AppStore|ARM.Build.0 = Debug|Any CPU
		{1A4E01C2-78A6-4E71-A34A-E911F01CE840}.AppStore|iPhone.ActiveCfg = Release|Any CPU
		{1A4E01C2-78A6-4E71-A34A-E911F01CE840}.AppStore|iPhone.Build.0 = Release|Any CPU
		{1A4E01C2-78A6-4E71-A34A-E911F01CE840}.AppStore|iPhoneSimulator.ActiveCfg = Release|Any CPU
		{1A4E01C2-78A6-4E71-A34A-E911F01CE840}.AppStore|iPhoneSimulator.Build.0 = Release|Any CPU
		{1A4E01C2-78A6-4E71-A34A-E911F01CE840}.AppStore|x86.ActiveCfg = Debug|Any CPU
		{1A4E01C2-78A6-4E71-A34A-E911F01CE840}.AppStore|x86.Build.0 = Debug|Any CPU
		{1A4E01C2-78A6-4E71-A34A-E911F01CE840}.Debug|Any CPU.ActiveCfg = Debug|Any CPU
		{1A4E01C2-78A6-4E71-A34A-E911F01CE840}.Debug|Any CPU.Build.0 = Debug|Any CPU
		{1A4E01C2-78A6-4E71-A34A-E911F01CE840}.Debug|ARM.ActiveCfg = Debug|Any CPU
		{1A4E01C2-78A6-4E71-A34A-E911F01CE840}.Debug|ARM.Build.0 = Debug|Any CPU
		{1A4E01C2-78A6-4E71-A34A-E911F01CE840}.Debug|iPhone.ActiveCfg = Debug|Any CPU
		{1A4E01C2-78A6-4E71-A34A-E911F01CE840}.Debug|iPhone.Build.0 = Debug|Any CPU
		{1A4E01C2-78A6-4E71-A34A-E911F01CE840}.Debug|iPhoneSimulator.ActiveCfg = Debug|Any CPU
		{1A4E01C2-78A6-4E71-A34A-E911F01CE840}.Debug|iPhoneSimulator.Build.0 = Debug|Any CPU
		{1A4E01C2-78A6-4E71-A34A-E911F01CE840}.Debug|x86.ActiveCfg = Debug|Any CPU
		{1A4E01C2-78A6-4E71-A34A-E911F01CE840}.Debug|x86.Build.0 = Debug|Any CPU
		{1A4E01C2-78A6-4E71-A34A-E911F01CE840}.Release|Any CPU.ActiveCfg = Release|Any CPU
		{1A4E01C2-78A6-4E71-A34A-E911F01CE840}.Release|Any CPU.Build.0 = Release|Any CPU
		{1A4E01C2-78A6-4E71-A34A-E911F01CE840}.Release|ARM.ActiveCfg = Release|Any CPU
		{1A4E01C2-78A6-4E71-A34A-E911F01CE840}.Release|ARM.Build.0 = Release|Any CPU
		{1A4E01C2-78A6-4E71-A34A-E911F01CE840}.Release|iPhone.ActiveCfg = Release|Any CPU
		{1A4E01C2-78A6-4E71-A34A-E911F01CE840}.Release|iPhone.Build.0 = Release|Any CPU
		{1A4E01C2-78A6-4E71-A34A-E911F01CE840}.Release|iPhoneSimulator.ActiveCfg = Release|Any CPU
		{1A4E01C2-78A6-4E71-A34A-E911F01CE840}.Release|iPhoneSimulator.Build.0 = Release|Any CPU
		{1A4E01C2-78A6-4E71-A34A-E911F01CE840}.Release|x86.ActiveCfg = Release|Any CPU
		{1A4E01C2-78A6-4E71-A34A-E911F01CE840}.Release|x86.Build.0 = Release|Any CPU
		{1397EC83-6D03-4D81-95D5-5D11C766C43A}.Ad-Hoc|Any CPU.ActiveCfg = Release|Any CPU
		{1397EC83-6D03-4D81-95D5-5D11C766C43A}.Ad-Hoc|Any CPU.Build.0 = Release|Any CPU
		{1397EC83-6D03-4D81-95D5-5D11C766C43A}.Ad-Hoc|ARM.ActiveCfg = Debug|Any CPU
		{1397EC83-6D03-4D81-95D5-5D11C766C43A}.Ad-Hoc|ARM.Build.0 = Debug|Any CPU
		{1397EC83-6D03-4D81-95D5-5D11C766C43A}.Ad-Hoc|iPhone.ActiveCfg = Release|Any CPU
		{1397EC83-6D03-4D81-95D5-5D11C766C43A}.Ad-Hoc|iPhone.Build.0 = Release|Any CPU
		{1397EC83-6D03-4D81-95D5-5D11C766C43A}.Ad-Hoc|iPhoneSimulator.ActiveCfg = Release|Any CPU
		{1397EC83-6D03-4D81-95D5-5D11C766C43A}.Ad-Hoc|iPhoneSimulator.Build.0 = Release|Any CPU
		{1397EC83-6D03-4D81-95D5-5D11C766C43A}.Ad-Hoc|x86.ActiveCfg = Debug|Any CPU
		{1397EC83-6D03-4D81-95D5-5D11C766C43A}.Ad-Hoc|x86.Build.0 = Debug|Any CPU
		{1397EC83-6D03-4D81-95D5-5D11C766C43A}.AppStore|Any CPU.ActiveCfg = Release|Any CPU
		{1397EC83-6D03-4D81-95D5-5D11C766C43A}.AppStore|Any CPU.Build.0 = Release|Any CPU
		{1397EC83-6D03-4D81-95D5-5D11C766C43A}.AppStore|ARM.ActiveCfg = Debug|Any CPU
		{1397EC83-6D03-4D81-95D5-5D11C766C43A}.AppStore|ARM.Build.0 = Debug|Any CPU
		{1397EC83-6D03-4D81-95D5-5D11C766C43A}.AppStore|iPhone.ActiveCfg = Release|Any CPU
		{1397EC83-6D03-4D81-95D5-5D11C766C43A}.AppStore|iPhone.Build.0 = Release|Any CPU
		{1397EC83-6D03-4D81-95D5-5D11C766C43A}.AppStore|iPhoneSimulator.ActiveCfg = Release|Any CPU
		{1397EC83-6D03-4D81-95D5-5D11C766C43A}.AppStore|iPhoneSimulator.Build.0 = Release|Any CPU
		{1397EC83-6D03-4D81-95D5-5D11C766C43A}.AppStore|x86.ActiveCfg = Debug|Any CPU
		{1397EC83-6D03-4D81-95D5-5D11C766C43A}.AppStore|x86.Build.0 = Debug|Any CPU
		{1397EC83-6D03-4D81-95D5-5D11C766C43A}.Debug|Any CPU.ActiveCfg = Debug|Any CPU
		{1397EC83-6D03-4D81-95D5-5D11C766C43A}.Debug|Any CPU.Build.0 = Debug|Any CPU
		{1397EC83-6D03-4D81-95D5-5D11C766C43A}.Debug|ARM.ActiveCfg = Debug|Any CPU
		{1397EC83-6D03-4D81-95D5-5D11C766C43A}.Debug|ARM.Build.0 = Debug|Any CPU
		{1397EC83-6D03-4D81-95D5-5D11C766C43A}.Debug|iPhone.ActiveCfg = Debug|Any CPU
		{1397EC83-6D03-4D81-95D5-5D11C766C43A}.Debug|iPhone.Build.0 = Debug|Any CPU
		{1397EC83-6D03-4D81-95D5-5D11C766C43A}.Debug|iPhoneSimulator.ActiveCfg = Debug|Any CPU
		{1397EC83-6D03-4D81-95D5-5D11C766C43A}.Debug|iPhoneSimulator.Build.0 = Debug|Any CPU
		{1397EC83-6D03-4D81-95D5-5D11C766C43A}.Debug|x86.ActiveCfg = Debug|Any CPU
		{1397EC83-6D03-4D81-95D5-5D11C766C43A}.Debug|x86.Build.0 = Debug|Any CPU
		{1397EC83-6D03-4D81-95D5-5D11C766C43A}.Release|Any CPU.ActiveCfg = Release|Any CPU
		{1397EC83-6D03-4D81-95D5-5D11C766C43A}.Release|Any CPU.Build.0 = Release|Any CPU
		{1397EC83-6D03-4D81-95D5-5D11C766C43A}.Release|ARM.ActiveCfg = Release|Any CPU
		{1397EC83-6D03-4D81-95D5-5D11C766C43A}.Release|ARM.Build.0 = Release|Any CPU
		{1397EC83-6D03-4D81-95D5-5D11C766C43A}.Release|iPhone.ActiveCfg = Release|Any CPU
		{1397EC83-6D03-4D81-95D5-5D11C766C43A}.Release|iPhone.Build.0 = Release|Any CPU
		{1397EC83-6D03-4D81-95D5-5D11C766C43A}.Release|iPhoneSimulator.ActiveCfg = Release|Any CPU
		{1397EC83-6D03-4D81-95D5-5D11C766C43A}.Release|iPhoneSimulator.Build.0 = Release|Any CPU
		{1397EC83-6D03-4D81-95D5-5D11C766C43A}.Release|x86.ActiveCfg = Release|Any CPU
		{1397EC83-6D03-4D81-95D5-5D11C766C43A}.Release|x86.Build.0 = Release|Any CPU
		{FDA37B7E-32E7-45C8-9D09-7D34DAB2CC28}.Ad-Hoc|Any CPU.ActiveCfg = Release|Any CPU
		{FDA37B7E-32E7-45C8-9D09-7D34DAB2CC28}.Ad-Hoc|Any CPU.Build.0 = Release|Any CPU
		{FDA37B7E-32E7-45C8-9D09-7D34DAB2CC28}.Ad-Hoc|ARM.ActiveCfg = Debug|Any CPU
		{FDA37B7E-32E7-45C8-9D09-7D34DAB2CC28}.Ad-Hoc|ARM.Build.0 = Debug|Any CPU
		{FDA37B7E-32E7-45C8-9D09-7D34DAB2CC28}.Ad-Hoc|iPhone.ActiveCfg = Release|Any CPU
		{FDA37B7E-32E7-45C8-9D09-7D34DAB2CC28}.Ad-Hoc|iPhone.Build.0 = Release|Any CPU
		{FDA37B7E-32E7-45C8-9D09-7D34DAB2CC28}.Ad-Hoc|iPhoneSimulator.ActiveCfg = Release|Any CPU
		{FDA37B7E-32E7-45C8-9D09-7D34DAB2CC28}.Ad-Hoc|iPhoneSimulator.Build.0 = Release|Any CPU
		{FDA37B7E-32E7-45C8-9D09-7D34DAB2CC28}.Ad-Hoc|x86.ActiveCfg = Debug|Any CPU
		{FDA37B7E-32E7-45C8-9D09-7D34DAB2CC28}.Ad-Hoc|x86.Build.0 = Debug|Any CPU
		{FDA37B7E-32E7-45C8-9D09-7D34DAB2CC28}.AppStore|Any CPU.ActiveCfg = Release|Any CPU
		{FDA37B7E-32E7-45C8-9D09-7D34DAB2CC28}.AppStore|Any CPU.Build.0 = Release|Any CPU
		{FDA37B7E-32E7-45C8-9D09-7D34DAB2CC28}.AppStore|ARM.ActiveCfg = Debug|Any CPU
		{FDA37B7E-32E7-45C8-9D09-7D34DAB2CC28}.AppStore|ARM.Build.0 = Debug|Any CPU
		{FDA37B7E-32E7-45C8-9D09-7D34DAB2CC28}.AppStore|iPhone.ActiveCfg = Release|Any CPU
		{FDA37B7E-32E7-45C8-9D09-7D34DAB2CC28}.AppStore|iPhone.Build.0 = Release|Any CPU
		{FDA37B7E-32E7-45C8-9D09-7D34DAB2CC28}.AppStore|iPhoneSimulator.ActiveCfg = Release|Any CPU
		{FDA37B7E-32E7-45C8-9D09-7D34DAB2CC28}.AppStore|iPhoneSimulator.Build.0 = Release|Any CPU
		{FDA37B7E-32E7-45C8-9D09-7D34DAB2CC28}.AppStore|x86.ActiveCfg = Debug|Any CPU
		{FDA37B7E-32E7-45C8-9D09-7D34DAB2CC28}.AppStore|x86.Build.0 = Debug|Any CPU
		{FDA37B7E-32E7-45C8-9D09-7D34DAB2CC28}.Debug|Any CPU.ActiveCfg = Debug|Any CPU
		{FDA37B7E-32E7-45C8-9D09-7D34DAB2CC28}.Debug|Any CPU.Build.0 = Debug|Any CPU
		{FDA37B7E-32E7-45C8-9D09-7D34DAB2CC28}.Debug|ARM.ActiveCfg = Debug|Any CPU
		{FDA37B7E-32E7-45C8-9D09-7D34DAB2CC28}.Debug|ARM.Build.0 = Debug|Any CPU
		{FDA37B7E-32E7-45C8-9D09-7D34DAB2CC28}.Debug|iPhone.ActiveCfg = Debug|Any CPU
		{FDA37B7E-32E7-45C8-9D09-7D34DAB2CC28}.Debug|iPhone.Build.0 = Debug|Any CPU
		{FDA37B7E-32E7-45C8-9D09-7D34DAB2CC28}.Debug|iPhoneSimulator.ActiveCfg = Debug|Any CPU
		{FDA37B7E-32E7-45C8-9D09-7D34DAB2CC28}.Debug|iPhoneSimulator.Build.0 = Debug|Any CPU
		{FDA37B7E-32E7-45C8-9D09-7D34DAB2CC28}.Debug|x86.ActiveCfg = Debug|Any CPU
		{FDA37B7E-32E7-45C8-9D09-7D34DAB2CC28}.Debug|x86.Build.0 = Debug|Any CPU
		{FDA37B7E-32E7-45C8-9D09-7D34DAB2CC28}.Release|Any CPU.ActiveCfg = Release|Any CPU
		{FDA37B7E-32E7-45C8-9D09-7D34DAB2CC28}.Release|Any CPU.Build.0 = Release|Any CPU
		{FDA37B7E-32E7-45C8-9D09-7D34DAB2CC28}.Release|ARM.ActiveCfg = Release|Any CPU
		{FDA37B7E-32E7-45C8-9D09-7D34DAB2CC28}.Release|ARM.Build.0 = Release|Any CPU
		{FDA37B7E-32E7-45C8-9D09-7D34DAB2CC28}.Release|iPhone.ActiveCfg = Release|Any CPU
		{FDA37B7E-32E7-45C8-9D09-7D34DAB2CC28}.Release|iPhone.Build.0 = Release|Any CPU
		{FDA37B7E-32E7-45C8-9D09-7D34DAB2CC28}.Release|iPhoneSimulator.ActiveCfg = Release|Any CPU
		{FDA37B7E-32E7-45C8-9D09-7D34DAB2CC28}.Release|iPhoneSimulator.Build.0 = Release|Any CPU
		{FDA37B7E-32E7-45C8-9D09-7D34DAB2CC28}.Release|x86.ActiveCfg = Release|Any CPU
		{FDA37B7E-32E7-45C8-9D09-7D34DAB2CC28}.Release|x86.Build.0 = Release|Any CPU
		{A09B1D2D-2DC3-46BB-8E85-19C1D3FC54E8}.Ad-Hoc|Any CPU.ActiveCfg = Release|Any CPU
		{A09B1D2D-2DC3-46BB-8E85-19C1D3FC54E8}.Ad-Hoc|Any CPU.Build.0 = Release|Any CPU
		{A09B1D2D-2DC3-46BB-8E85-19C1D3FC54E8}.Ad-Hoc|ARM.ActiveCfg = Debug|Any CPU
		{A09B1D2D-2DC3-46BB-8E85-19C1D3FC54E8}.Ad-Hoc|ARM.Build.0 = Debug|Any CPU
		{A09B1D2D-2DC3-46BB-8E85-19C1D3FC54E8}.Ad-Hoc|iPhone.ActiveCfg = Release|Any CPU
		{A09B1D2D-2DC3-46BB-8E85-19C1D3FC54E8}.Ad-Hoc|iPhone.Build.0 = Release|Any CPU
		{A09B1D2D-2DC3-46BB-8E85-19C1D3FC54E8}.Ad-Hoc|iPhoneSimulator.ActiveCfg = Release|Any CPU
		{A09B1D2D-2DC3-46BB-8E85-19C1D3FC54E8}.Ad-Hoc|iPhoneSimulator.Build.0 = Release|Any CPU
		{A09B1D2D-2DC3-46BB-8E85-19C1D3FC54E8}.Ad-Hoc|x86.ActiveCfg = Debug|Any CPU
		{A09B1D2D-2DC3-46BB-8E85-19C1D3FC54E8}.Ad-Hoc|x86.Build.0 = Debug|Any CPU
		{A09B1D2D-2DC3-46BB-8E85-19C1D3FC54E8}.AppStore|Any CPU.ActiveCfg = Release|Any CPU
		{A09B1D2D-2DC3-46BB-8E85-19C1D3FC54E8}.AppStore|Any CPU.Build.0 = Release|Any CPU
		{A09B1D2D-2DC3-46BB-8E85-19C1D3FC54E8}.AppStore|ARM.ActiveCfg = Debug|Any CPU
		{A09B1D2D-2DC3-46BB-8E85-19C1D3FC54E8}.AppStore|ARM.Build.0 = Debug|Any CPU
		{A09B1D2D-2DC3-46BB-8E85-19C1D3FC54E8}.AppStore|iPhone.ActiveCfg = Release|Any CPU
		{A09B1D2D-2DC3-46BB-8E85-19C1D3FC54E8}.AppStore|iPhone.Build.0 = Release|Any CPU
		{A09B1D2D-2DC3-46BB-8E85-19C1D3FC54E8}.AppStore|iPhoneSimulator.ActiveCfg = Release|Any CPU
		{A09B1D2D-2DC3-46BB-8E85-19C1D3FC54E8}.AppStore|iPhoneSimulator.Build.0 = Release|Any CPU
		{A09B1D2D-2DC3-46BB-8E85-19C1D3FC54E8}.AppStore|x86.ActiveCfg = Debug|Any CPU
		{A09B1D2D-2DC3-46BB-8E85-19C1D3FC54E8}.AppStore|x86.Build.0 = Debug|Any CPU
		{A09B1D2D-2DC3-46BB-8E85-19C1D3FC54E8}.Debug|Any CPU.ActiveCfg = Debug|Any CPU
		{A09B1D2D-2DC3-46BB-8E85-19C1D3FC54E8}.Debug|Any CPU.Build.0 = Debug|Any CPU
		{A09B1D2D-2DC3-46BB-8E85-19C1D3FC54E8}.Debug|ARM.ActiveCfg = Debug|Any CPU
		{A09B1D2D-2DC3-46BB-8E85-19C1D3FC54E8}.Debug|ARM.Build.0 = Debug|Any CPU
		{A09B1D2D-2DC3-46BB-8E85-19C1D3FC54E8}.Debug|iPhone.ActiveCfg = Debug|Any CPU
		{A09B1D2D-2DC3-46BB-8E85-19C1D3FC54E8}.Debug|iPhone.Build.0 = Debug|Any CPU
		{A09B1D2D-2DC3-46BB-8E85-19C1D3FC54E8}.Debug|iPhoneSimulator.ActiveCfg = Debug|Any CPU
		{A09B1D2D-2DC3-46BB-8E85-19C1D3FC54E8}.Debug|iPhoneSimulator.Build.0 = Debug|Any CPU
		{A09B1D2D-2DC3-46BB-8E85-19C1D3FC54E8}.Debug|x86.ActiveCfg = Debug|Any CPU
		{A09B1D2D-2DC3-46BB-8E85-19C1D3FC54E8}.Debug|x86.Build.0 = Debug|Any CPU
		{A09B1D2D-2DC3-46BB-8E85-19C1D3FC54E8}.Release|Any CPU.ActiveCfg = Release|Any CPU
		{A09B1D2D-2DC3-46BB-8E85-19C1D3FC54E8}.Release|Any CPU.Build.0 = Release|Any CPU
		{A09B1D2D-2DC3-46BB-8E85-19C1D3FC54E8}.Release|ARM.ActiveCfg = Release|Any CPU
		{A09B1D2D-2DC3-46BB-8E85-19C1D3FC54E8}.Release|ARM.Build.0 = Release|Any CPU
		{A09B1D2D-2DC3-46BB-8E85-19C1D3FC54E8}.Release|iPhone.ActiveCfg = Release|Any CPU
		{A09B1D2D-2DC3-46BB-8E85-19C1D3FC54E8}.Release|iPhone.Build.0 = Release|Any CPU
		{A09B1D2D-2DC3-46BB-8E85-19C1D3FC54E8}.Release|iPhoneSimulator.ActiveCfg = Release|Any CPU
		{A09B1D2D-2DC3-46BB-8E85-19C1D3FC54E8}.Release|iPhoneSimulator.Build.0 = Release|Any CPU
		{A09B1D2D-2DC3-46BB-8E85-19C1D3FC54E8}.Release|x86.ActiveCfg = Release|Any CPU
		{A09B1D2D-2DC3-46BB-8E85-19C1D3FC54E8}.Release|x86.Build.0 = Release|Any CPU
		{BB1F9777-4230-4FE2-8EB0-8BD0A13B4408}.Ad-Hoc|Any CPU.ActiveCfg = Release|Any CPU
		{BB1F9777-4230-4FE2-8EB0-8BD0A13B4408}.Ad-Hoc|Any CPU.Build.0 = Release|Any CPU
		{BB1F9777-4230-4FE2-8EB0-8BD0A13B4408}.Ad-Hoc|ARM.ActiveCfg = Debug|Any CPU
		{BB1F9777-4230-4FE2-8EB0-8BD0A13B4408}.Ad-Hoc|ARM.Build.0 = Debug|Any CPU
		{BB1F9777-4230-4FE2-8EB0-8BD0A13B4408}.Ad-Hoc|iPhone.ActiveCfg = Release|Any CPU
		{BB1F9777-4230-4FE2-8EB0-8BD0A13B4408}.Ad-Hoc|iPhone.Build.0 = Release|Any CPU
		{BB1F9777-4230-4FE2-8EB0-8BD0A13B4408}.Ad-Hoc|iPhoneSimulator.ActiveCfg = Release|Any CPU
		{BB1F9777-4230-4FE2-8EB0-8BD0A13B4408}.Ad-Hoc|iPhoneSimulator.Build.0 = Release|Any CPU
		{BB1F9777-4230-4FE2-8EB0-8BD0A13B4408}.Ad-Hoc|x86.ActiveCfg = Debug|Any CPU
		{BB1F9777-4230-4FE2-8EB0-8BD0A13B4408}.Ad-Hoc|x86.Build.0 = Debug|Any CPU
		{BB1F9777-4230-4FE2-8EB0-8BD0A13B4408}.AppStore|Any CPU.ActiveCfg = Release|Any CPU
		{BB1F9777-4230-4FE2-8EB0-8BD0A13B4408}.AppStore|Any CPU.Build.0 = Release|Any CPU
		{BB1F9777-4230-4FE2-8EB0-8BD0A13B4408}.AppStore|ARM.ActiveCfg = Debug|Any CPU
		{BB1F9777-4230-4FE2-8EB0-8BD0A13B4408}.AppStore|ARM.Build.0 = Debug|Any CPU
		{BB1F9777-4230-4FE2-8EB0-8BD0A13B4408}.AppStore|iPhone.ActiveCfg = Release|Any CPU
		{BB1F9777-4230-4FE2-8EB0-8BD0A13B4408}.AppStore|iPhone.Build.0 = Release|Any CPU
		{BB1F9777-4230-4FE2-8EB0-8BD0A13B4408}.AppStore|iPhoneSimulator.ActiveCfg = Release|Any CPU
		{BB1F9777-4230-4FE2-8EB0-8BD0A13B4408}.AppStore|iPhoneSimulator.Build.0 = Release|Any CPU
		{BB1F9777-4230-4FE2-8EB0-8BD0A13B4408}.AppStore|x86.ActiveCfg = Debug|Any CPU
		{BB1F9777-4230-4FE2-8EB0-8BD0A13B4408}.AppStore|x86.Build.0 = Debug|Any CPU
		{BB1F9777-4230-4FE2-8EB0-8BD0A13B4408}.Debug|Any CPU.ActiveCfg = Debug|Any CPU
		{BB1F9777-4230-4FE2-8EB0-8BD0A13B4408}.Debug|Any CPU.Build.0 = Debug|Any CPU
		{BB1F9777-4230-4FE2-8EB0-8BD0A13B4408}.Debug|ARM.ActiveCfg = Debug|Any CPU
		{BB1F9777-4230-4FE2-8EB0-8BD0A13B4408}.Debug|ARM.Build.0 = Debug|Any CPU
		{BB1F9777-4230-4FE2-8EB0-8BD0A13B4408}.Debug|iPhone.ActiveCfg = Debug|Any CPU
		{BB1F9777-4230-4FE2-8EB0-8BD0A13B4408}.Debug|iPhone.Build.0 = Debug|Any CPU
		{BB1F9777-4230-4FE2-8EB0-8BD0A13B4408}.Debug|iPhoneSimulator.ActiveCfg = Debug|Any CPU
		{BB1F9777-4230-4FE2-8EB0-8BD0A13B4408}.Debug|iPhoneSimulator.Build.0 = Debug|Any CPU
		{BB1F9777-4230-4FE2-8EB0-8BD0A13B4408}.Debug|x86.ActiveCfg = Debug|Any CPU
		{BB1F9777-4230-4FE2-8EB0-8BD0A13B4408}.Debug|x86.Build.0 = Debug|Any CPU
		{BB1F9777-4230-4FE2-8EB0-8BD0A13B4408}.Release|Any CPU.ActiveCfg = Release|Any CPU
		{BB1F9777-4230-4FE2-8EB0-8BD0A13B4408}.Release|Any CPU.Build.0 = Release|Any CPU
		{BB1F9777-4230-4FE2-8EB0-8BD0A13B4408}.Release|ARM.ActiveCfg = Release|Any CPU
		{BB1F9777-4230-4FE2-8EB0-8BD0A13B4408}.Release|ARM.Build.0 = Release|Any CPU
		{BB1F9777-4230-4FE2-8EB0-8BD0A13B4408}.Release|iPhone.ActiveCfg = Release|Any CPU
		{BB1F9777-4230-4FE2-8EB0-8BD0A13B4408}.Release|iPhone.Build.0 = Release|Any CPU
		{BB1F9777-4230-4FE2-8EB0-8BD0A13B4408}.Release|iPhoneSimulator.ActiveCfg = Release|Any CPU
		{BB1F9777-4230-4FE2-8EB0-8BD0A13B4408}.Release|iPhoneSimulator.Build.0 = Release|Any CPU
		{BB1F9777-4230-4FE2-8EB0-8BD0A13B4408}.Release|x86.ActiveCfg = Release|Any CPU
		{BB1F9777-4230-4FE2-8EB0-8BD0A13B4408}.Release|x86.Build.0 = Release|Any CPU
		{E1EE11FF-BA01-4919-8984-C61CCF8CAFAB}.Ad-Hoc|Any CPU.ActiveCfg = Release|Any CPU
		{E1EE11FF-BA01-4919-8984-C61CCF8CAFAB}.Ad-Hoc|Any CPU.Build.0 = Release|Any CPU
		{E1EE11FF-BA01-4919-8984-C61CCF8CAFAB}.Ad-Hoc|ARM.ActiveCfg = Debug|Any CPU
		{E1EE11FF-BA01-4919-8984-C61CCF8CAFAB}.Ad-Hoc|ARM.Build.0 = Debug|Any CPU
		{E1EE11FF-BA01-4919-8984-C61CCF8CAFAB}.Ad-Hoc|iPhone.ActiveCfg = Release|Any CPU
		{E1EE11FF-BA01-4919-8984-C61CCF8CAFAB}.Ad-Hoc|iPhone.Build.0 = Release|Any CPU
		{E1EE11FF-BA01-4919-8984-C61CCF8CAFAB}.Ad-Hoc|iPhoneSimulator.ActiveCfg = Release|Any CPU
		{E1EE11FF-BA01-4919-8984-C61CCF8CAFAB}.Ad-Hoc|iPhoneSimulator.Build.0 = Release|Any CPU
		{E1EE11FF-BA01-4919-8984-C61CCF8CAFAB}.Ad-Hoc|x86.ActiveCfg = Debug|Any CPU
		{E1EE11FF-BA01-4919-8984-C61CCF8CAFAB}.Ad-Hoc|x86.Build.0 = Debug|Any CPU
		{E1EE11FF-BA01-4919-8984-C61CCF8CAFAB}.AppStore|Any CPU.ActiveCfg = Release|Any CPU
		{E1EE11FF-BA01-4919-8984-C61CCF8CAFAB}.AppStore|Any CPU.Build.0 = Release|Any CPU
		{E1EE11FF-BA01-4919-8984-C61CCF8CAFAB}.AppStore|ARM.ActiveCfg = Debug|Any CPU
		{E1EE11FF-BA01-4919-8984-C61CCF8CAFAB}.AppStore|ARM.Build.0 = Debug|Any CPU
		{E1EE11FF-BA01-4919-8984-C61CCF8CAFAB}.AppStore|iPhone.ActiveCfg = Release|Any CPU
		{E1EE11FF-BA01-4919-8984-C61CCF8CAFAB}.AppStore|iPhone.Build.0 = Release|Any CPU
		{E1EE11FF-BA01-4919-8984-C61CCF8CAFAB}.AppStore|iPhoneSimulator.ActiveCfg = Release|Any CPU
		{E1EE11FF-BA01-4919-8984-C61CCF8CAFAB}.AppStore|iPhoneSimulator.Build.0 = Release|Any CPU
		{E1EE11FF-BA01-4919-8984-C61CCF8CAFAB}.AppStore|x86.ActiveCfg = Debug|Any CPU
		{E1EE11FF-BA01-4919-8984-C61CCF8CAFAB}.AppStore|x86.Build.0 = Debug|Any CPU
		{E1EE11FF-BA01-4919-8984-C61CCF8CAFAB}.Debug|Any CPU.ActiveCfg = Debug|Any CPU
		{E1EE11FF-BA01-4919-8984-C61CCF8CAFAB}.Debug|Any CPU.Build.0 = Debug|Any CPU
		{E1EE11FF-BA01-4919-8984-C61CCF8CAFAB}.Debug|ARM.ActiveCfg = Debug|Any CPU
		{E1EE11FF-BA01-4919-8984-C61CCF8CAFAB}.Debug|ARM.Build.0 = Debug|Any CPU
		{E1EE11FF-BA01-4919-8984-C61CCF8CAFAB}.Debug|iPhone.ActiveCfg = Debug|Any CPU
		{E1EE11FF-BA01-4919-8984-C61CCF8CAFAB}.Debug|iPhone.Build.0 = Debug|Any CPU
		{E1EE11FF-BA01-4919-8984-C61CCF8CAFAB}.Debug|iPhoneSimulator.ActiveCfg = Debug|Any CPU
		{E1EE11FF-BA01-4919-8984-C61CCF8CAFAB}.Debug|iPhoneSimulator.Build.0 = Debug|Any CPU
		{E1EE11FF-BA01-4919-8984-C61CCF8CAFAB}.Debug|x86.ActiveCfg = Debug|Any CPU
		{E1EE11FF-BA01-4919-8984-C61CCF8CAFAB}.Debug|x86.Build.0 = Debug|Any CPU
		{E1EE11FF-BA01-4919-8984-C61CCF8CAFAB}.Release|Any CPU.ActiveCfg = Release|Any CPU
		{E1EE11FF-BA01-4919-8984-C61CCF8CAFAB}.Release|Any CPU.Build.0 = Release|Any CPU
		{E1EE11FF-BA01-4919-8984-C61CCF8CAFAB}.Release|ARM.ActiveCfg = Release|Any CPU
		{E1EE11FF-BA01-4919-8984-C61CCF8CAFAB}.Release|ARM.Build.0 = Release|Any CPU
		{E1EE11FF-BA01-4919-8984-C61CCF8CAFAB}.Release|iPhone.ActiveCfg = Release|Any CPU
		{E1EE11FF-BA01-4919-8984-C61CCF8CAFAB}.Release|iPhone.Build.0 = Release|Any CPU
		{E1EE11FF-BA01-4919-8984-C61CCF8CAFAB}.Release|iPhoneSimulator.ActiveCfg = Release|Any CPU
		{E1EE11FF-BA01-4919-8984-C61CCF8CAFAB}.Release|iPhoneSimulator.Build.0 = Release|Any CPU
		{E1EE11FF-BA01-4919-8984-C61CCF8CAFAB}.Release|x86.ActiveCfg = Release|Any CPU
		{E1EE11FF-BA01-4919-8984-C61CCF8CAFAB}.Release|x86.Build.0 = Release|Any CPU
		{D92D7642-43D3-47F9-B5E5-9D8F5944AC84}.Ad-Hoc|Any CPU.ActiveCfg = Release|Any CPU
		{D92D7642-43D3-47F9-B5E5-9D8F5944AC84}.Ad-Hoc|Any CPU.Build.0 = Release|Any CPU
		{D92D7642-43D3-47F9-B5E5-9D8F5944AC84}.Ad-Hoc|ARM.ActiveCfg = Debug|Any CPU
		{D92D7642-43D3-47F9-B5E5-9D8F5944AC84}.Ad-Hoc|ARM.Build.0 = Debug|Any CPU
		{D92D7642-43D3-47F9-B5E5-9D8F5944AC84}.Ad-Hoc|iPhone.ActiveCfg = Release|Any CPU
		{D92D7642-43D3-47F9-B5E5-9D8F5944AC84}.Ad-Hoc|iPhone.Build.0 = Release|Any CPU
		{D92D7642-43D3-47F9-B5E5-9D8F5944AC84}.Ad-Hoc|iPhoneSimulator.ActiveCfg = Release|Any CPU
		{D92D7642-43D3-47F9-B5E5-9D8F5944AC84}.Ad-Hoc|iPhoneSimulator.Build.0 = Release|Any CPU
		{D92D7642-43D3-47F9-B5E5-9D8F5944AC84}.Ad-Hoc|x86.ActiveCfg = Debug|Any CPU
		{D92D7642-43D3-47F9-B5E5-9D8F5944AC84}.Ad-Hoc|x86.Build.0 = Debug|Any CPU
		{D92D7642-43D3-47F9-B5E5-9D8F5944AC84}.AppStore|Any CPU.ActiveCfg = Release|Any CPU
		{D92D7642-43D3-47F9-B5E5-9D8F5944AC84}.AppStore|Any CPU.Build.0 = Release|Any CPU
		{D92D7642-43D3-47F9-B5E5-9D8F5944AC84}.AppStore|ARM.ActiveCfg = Debug|Any CPU
		{D92D7642-43D3-47F9-B5E5-9D8F5944AC84}.AppStore|ARM.Build.0 = Debug|Any CPU
		{D92D7642-43D3-47F9-B5E5-9D8F5944AC84}.AppStore|iPhone.ActiveCfg = Release|Any CPU
		{D92D7642-43D3-47F9-B5E5-9D8F5944AC84}.AppStore|iPhone.Build.0 = Release|Any CPU
		{D92D7642-43D3-47F9-B5E5-9D8F5944AC84}.AppStore|iPhoneSimulator.ActiveCfg = Release|Any CPU
		{D92D7642-43D3-47F9-B5E5-9D8F5944AC84}.AppStore|iPhoneSimulator.Build.0 = Release|Any CPU
		{D92D7642-43D3-47F9-B5E5-9D8F5944AC84}.AppStore|x86.ActiveCfg = Debug|Any CPU
		{D92D7642-43D3-47F9-B5E5-9D8F5944AC84}.AppStore|x86.Build.0 = Debug|Any CPU
		{D92D7642-43D3-47F9-B5E5-9D8F5944AC84}.Debug|Any CPU.ActiveCfg = Debug|Any CPU
		{D92D7642-43D3-47F9-B5E5-9D8F5944AC84}.Debug|Any CPU.Build.0 = Debug|Any CPU
		{D92D7642-43D3-47F9-B5E5-9D8F5944AC84}.Debug|ARM.ActiveCfg = Debug|Any CPU
		{D92D7642-43D3-47F9-B5E5-9D8F5944AC84}.Debug|ARM.Build.0 = Debug|Any CPU
		{D92D7642-43D3-47F9-B5E5-9D8F5944AC84}.Debug|iPhone.ActiveCfg = Debug|Any CPU
		{D92D7642-43D3-47F9-B5E5-9D8F5944AC84}.Debug|iPhone.Build.0 = Debug|Any CPU
		{D92D7642-43D3-47F9-B5E5-9D8F5944AC84}.Debug|iPhoneSimulator.ActiveCfg = Debug|Any CPU
		{D92D7642-43D3-47F9-B5E5-9D8F5944AC84}.Debug|iPhoneSimulator.Build.0 = Debug|Any CPU
		{D92D7642-43D3-47F9-B5E5-9D8F5944AC84}.Debug|x86.ActiveCfg = Debug|Any CPU
		{D92D7642-43D3-47F9-B5E5-9D8F5944AC84}.Debug|x86.Build.0 = Debug|Any CPU
		{D92D7642-43D3-47F9-B5E5-9D8F5944AC84}.Release|Any CPU.ActiveCfg = Release|Any CPU
		{D92D7642-43D3-47F9-B5E5-9D8F5944AC84}.Release|Any CPU.Build.0 = Release|Any CPU
		{D92D7642-43D3-47F9-B5E5-9D8F5944AC84}.Release|ARM.ActiveCfg = Release|Any CPU
		{D92D7642-43D3-47F9-B5E5-9D8F5944AC84}.Release|ARM.Build.0 = Release|Any CPU
		{D92D7642-43D3-47F9-B5E5-9D8F5944AC84}.Release|iPhone.ActiveCfg = Release|Any CPU
		{D92D7642-43D3-47F9-B5E5-9D8F5944AC84}.Release|iPhone.Build.0 = Release|Any CPU
		{D92D7642-43D3-47F9-B5E5-9D8F5944AC84}.Release|iPhoneSimulator.ActiveCfg = Release|Any CPU
		{D92D7642-43D3-47F9-B5E5-9D8F5944AC84}.Release|iPhoneSimulator.Build.0 = Release|Any CPU
		{D92D7642-43D3-47F9-B5E5-9D8F5944AC84}.Release|x86.ActiveCfg = Release|Any CPU
		{D92D7642-43D3-47F9-B5E5-9D8F5944AC84}.Release|x86.Build.0 = Release|Any CPU
		{C2DCD7CF-3780-4003-B4BE-DBA8DA5C6178}.Ad-Hoc|Any CPU.ActiveCfg = Debug|Any CPU
		{C2DCD7CF-3780-4003-B4BE-DBA8DA5C6178}.Ad-Hoc|Any CPU.Build.0 = Debug|Any CPU
		{C2DCD7CF-3780-4003-B4BE-DBA8DA5C6178}.Ad-Hoc|ARM.ActiveCfg = Release|Any CPU
		{C2DCD7CF-3780-4003-B4BE-DBA8DA5C6178}.Ad-Hoc|ARM.Build.0 = Release|Any CPU
		{C2DCD7CF-3780-4003-B4BE-DBA8DA5C6178}.Ad-Hoc|iPhone.ActiveCfg = Debug|Any CPU
		{C2DCD7CF-3780-4003-B4BE-DBA8DA5C6178}.Ad-Hoc|iPhone.Build.0 = Debug|Any CPU
		{C2DCD7CF-3780-4003-B4BE-DBA8DA5C6178}.Ad-Hoc|iPhoneSimulator.ActiveCfg = Debug|Any CPU
		{C2DCD7CF-3780-4003-B4BE-DBA8DA5C6178}.Ad-Hoc|iPhoneSimulator.Build.0 = Debug|Any CPU
		{C2DCD7CF-3780-4003-B4BE-DBA8DA5C6178}.Ad-Hoc|x86.ActiveCfg = Release|Any CPU
		{C2DCD7CF-3780-4003-B4BE-DBA8DA5C6178}.Ad-Hoc|x86.Build.0 = Release|Any CPU
		{C2DCD7CF-3780-4003-B4BE-DBA8DA5C6178}.AppStore|Any CPU.ActiveCfg = Debug|Any CPU
		{C2DCD7CF-3780-4003-B4BE-DBA8DA5C6178}.AppStore|Any CPU.Build.0 = Debug|Any CPU
		{C2DCD7CF-3780-4003-B4BE-DBA8DA5C6178}.AppStore|ARM.ActiveCfg = Release|Any CPU
		{C2DCD7CF-3780-4003-B4BE-DBA8DA5C6178}.AppStore|ARM.Build.0 = Release|Any CPU
		{C2DCD7CF-3780-4003-B4BE-DBA8DA5C6178}.AppStore|iPhone.ActiveCfg = Debug|Any CPU
		{C2DCD7CF-3780-4003-B4BE-DBA8DA5C6178}.AppStore|iPhone.Build.0 = Debug|Any CPU
		{C2DCD7CF-3780-4003-B4BE-DBA8DA5C6178}.AppStore|iPhoneSimulator.ActiveCfg = Debug|Any CPU
		{C2DCD7CF-3780-4003-B4BE-DBA8DA5C6178}.AppStore|iPhoneSimulator.Build.0 = Debug|Any CPU
		{C2DCD7CF-3780-4003-B4BE-DBA8DA5C6178}.AppStore|x86.ActiveCfg = Release|Any CPU
		{C2DCD7CF-3780-4003-B4BE-DBA8DA5C6178}.AppStore|x86.Build.0 = Release|Any CPU
		{C2DCD7CF-3780-4003-B4BE-DBA8DA5C6178}.Debug|Any CPU.ActiveCfg = Debug|Any CPU
		{C2DCD7CF-3780-4003-B4BE-DBA8DA5C6178}.Debug|Any CPU.Build.0 = Debug|Any CPU
		{C2DCD7CF-3780-4003-B4BE-DBA8DA5C6178}.Debug|ARM.ActiveCfg = Debug|Any CPU
		{C2DCD7CF-3780-4003-B4BE-DBA8DA5C6178}.Debug|ARM.Build.0 = Debug|Any CPU
		{C2DCD7CF-3780-4003-B4BE-DBA8DA5C6178}.Debug|iPhone.ActiveCfg = Debug|Any CPU
		{C2DCD7CF-3780-4003-B4BE-DBA8DA5C6178}.Debug|iPhone.Build.0 = Debug|Any CPU
		{C2DCD7CF-3780-4003-B4BE-DBA8DA5C6178}.Debug|iPhoneSimulator.ActiveCfg = Debug|Any CPU
		{C2DCD7CF-3780-4003-B4BE-DBA8DA5C6178}.Debug|iPhoneSimulator.Build.0 = Debug|Any CPU
		{C2DCD7CF-3780-4003-B4BE-DBA8DA5C6178}.Debug|x86.ActiveCfg = Debug|Any CPU
		{C2DCD7CF-3780-4003-B4BE-DBA8DA5C6178}.Debug|x86.Build.0 = Debug|Any CPU
		{C2DCD7CF-3780-4003-B4BE-DBA8DA5C6178}.Release|Any CPU.ActiveCfg = Debug|Any CPU
		{C2DCD7CF-3780-4003-B4BE-DBA8DA5C6178}.Release|Any CPU.Build.0 = Debug|Any CPU
		{C2DCD7CF-3780-4003-B4BE-DBA8DA5C6178}.Release|ARM.ActiveCfg = Release|Any CPU
		{C2DCD7CF-3780-4003-B4BE-DBA8DA5C6178}.Release|ARM.Build.0 = Release|Any CPU
		{C2DCD7CF-3780-4003-B4BE-DBA8DA5C6178}.Release|iPhone.ActiveCfg = Debug|Any CPU
		{C2DCD7CF-3780-4003-B4BE-DBA8DA5C6178}.Release|iPhone.Build.0 = Debug|Any CPU
		{C2DCD7CF-3780-4003-B4BE-DBA8DA5C6178}.Release|iPhoneSimulator.ActiveCfg = Debug|Any CPU
		{C2DCD7CF-3780-4003-B4BE-DBA8DA5C6178}.Release|iPhoneSimulator.Build.0 = Debug|Any CPU
		{C2DCD7CF-3780-4003-B4BE-DBA8DA5C6178}.Release|x86.ActiveCfg = Release|Any CPU
		{C2DCD7CF-3780-4003-B4BE-DBA8DA5C6178}.Release|x86.Build.0 = Release|Any CPU
		{92A500B2-6AC1-4E57-9028-210A1E1B3BBF}.Ad-Hoc|Any CPU.ActiveCfg = Release|Any CPU
		{92A500B2-6AC1-4E57-9028-210A1E1B3BBF}.Ad-Hoc|Any CPU.Build.0 = Release|Any CPU
		{92A500B2-6AC1-4E57-9028-210A1E1B3BBF}.Ad-Hoc|ARM.ActiveCfg = Debug|Any CPU
		{92A500B2-6AC1-4E57-9028-210A1E1B3BBF}.Ad-Hoc|ARM.Build.0 = Debug|Any CPU
		{92A500B2-6AC1-4E57-9028-210A1E1B3BBF}.Ad-Hoc|iPhone.ActiveCfg = Release|Any CPU
		{92A500B2-6AC1-4E57-9028-210A1E1B3BBF}.Ad-Hoc|iPhone.Build.0 = Release|Any CPU
		{92A500B2-6AC1-4E57-9028-210A1E1B3BBF}.Ad-Hoc|iPhoneSimulator.ActiveCfg = Release|Any CPU
		{92A500B2-6AC1-4E57-9028-210A1E1B3BBF}.Ad-Hoc|iPhoneSimulator.Build.0 = Release|Any CPU
		{92A500B2-6AC1-4E57-9028-210A1E1B3BBF}.Ad-Hoc|x86.ActiveCfg = Debug|Any CPU
		{92A500B2-6AC1-4E57-9028-210A1E1B3BBF}.Ad-Hoc|x86.Build.0 = Debug|Any CPU
		{92A500B2-6AC1-4E57-9028-210A1E1B3BBF}.AppStore|Any CPU.ActiveCfg = Release|Any CPU
		{92A500B2-6AC1-4E57-9028-210A1E1B3BBF}.AppStore|Any CPU.Build.0 = Release|Any CPU
		{92A500B2-6AC1-4E57-9028-210A1E1B3BBF}.AppStore|ARM.ActiveCfg = Debug|Any CPU
		{92A500B2-6AC1-4E57-9028-210A1E1B3BBF}.AppStore|ARM.Build.0 = Debug|Any CPU
		{92A500B2-6AC1-4E57-9028-210A1E1B3BBF}.AppStore|iPhone.ActiveCfg = Release|Any CPU
		{92A500B2-6AC1-4E57-9028-210A1E1B3BBF}.AppStore|iPhone.Build.0 = Release|Any CPU
		{92A500B2-6AC1-4E57-9028-210A1E1B3BBF}.AppStore|iPhoneSimulator.ActiveCfg = Release|Any CPU
		{92A500B2-6AC1-4E57-9028-210A1E1B3BBF}.AppStore|iPhoneSimulator.Build.0 = Release|Any CPU
		{92A500B2-6AC1-4E57-9028-210A1E1B3BBF}.AppStore|x86.ActiveCfg = Debug|Any CPU
		{92A500B2-6AC1-4E57-9028-210A1E1B3BBF}.AppStore|x86.Build.0 = Debug|Any CPU
		{92A500B2-6AC1-4E57-9028-210A1E1B3BBF}.Debug|Any CPU.ActiveCfg = Debug|Any CPU
		{92A500B2-6AC1-4E57-9028-210A1E1B3BBF}.Debug|Any CPU.Build.0 = Debug|Any CPU
		{92A500B2-6AC1-4E57-9028-210A1E1B3BBF}.Debug|ARM.ActiveCfg = Debug|Any CPU
		{92A500B2-6AC1-4E57-9028-210A1E1B3BBF}.Debug|ARM.Build.0 = Debug|Any CPU
		{92A500B2-6AC1-4E57-9028-210A1E1B3BBF}.Debug|iPhone.ActiveCfg = Debug|Any CPU
		{92A500B2-6AC1-4E57-9028-210A1E1B3BBF}.Debug|iPhone.Build.0 = Debug|Any CPU
		{92A500B2-6AC1-4E57-9028-210A1E1B3BBF}.Debug|iPhoneSimulator.ActiveCfg = Debug|Any CPU
		{92A500B2-6AC1-4E57-9028-210A1E1B3BBF}.Debug|iPhoneSimulator.Build.0 = Debug|Any CPU
		{92A500B2-6AC1-4E57-9028-210A1E1B3BBF}.Debug|x86.ActiveCfg = Debug|Any CPU
		{92A500B2-6AC1-4E57-9028-210A1E1B3BBF}.Debug|x86.Build.0 = Debug|Any CPU
		{92A500B2-6AC1-4E57-9028-210A1E1B3BBF}.Release|Any CPU.ActiveCfg = Release|Any CPU
		{92A500B2-6AC1-4E57-9028-210A1E1B3BBF}.Release|Any CPU.Build.0 = Release|Any CPU
		{92A500B2-6AC1-4E57-9028-210A1E1B3BBF}.Release|ARM.ActiveCfg = Release|Any CPU
		{92A500B2-6AC1-4E57-9028-210A1E1B3BBF}.Release|ARM.Build.0 = Release|Any CPU
		{92A500B2-6AC1-4E57-9028-210A1E1B3BBF}.Release|iPhone.ActiveCfg = Release|Any CPU
		{92A500B2-6AC1-4E57-9028-210A1E1B3BBF}.Release|iPhone.Build.0 = Release|Any CPU
		{92A500B2-6AC1-4E57-9028-210A1E1B3BBF}.Release|iPhoneSimulator.ActiveCfg = Release|Any CPU
		{92A500B2-6AC1-4E57-9028-210A1E1B3BBF}.Release|iPhoneSimulator.Build.0 = Release|Any CPU
		{92A500B2-6AC1-4E57-9028-210A1E1B3BBF}.Release|x86.ActiveCfg = Release|Any CPU
		{92A500B2-6AC1-4E57-9028-210A1E1B3BBF}.Release|x86.Build.0 = Release|Any CPU
		{9C9AA9C9-09C7-48DC-8D9C-311E8EB91E65}.Ad-Hoc|Any CPU.ActiveCfg = Release|Any CPU
		{9C9AA9C9-09C7-48DC-8D9C-311E8EB91E65}.Ad-Hoc|Any CPU.Build.0 = Release|Any CPU
		{9C9AA9C9-09C7-48DC-8D9C-311E8EB91E65}.Ad-Hoc|ARM.ActiveCfg = Release|Any CPU
		{9C9AA9C9-09C7-48DC-8D9C-311E8EB91E65}.Ad-Hoc|ARM.Build.0 = Release|Any CPU
		{9C9AA9C9-09C7-48DC-8D9C-311E8EB91E65}.Ad-Hoc|iPhone.ActiveCfg = Release|Any CPU
		{9C9AA9C9-09C7-48DC-8D9C-311E8EB91E65}.Ad-Hoc|iPhone.Build.0 = Release|Any CPU
		{9C9AA9C9-09C7-48DC-8D9C-311E8EB91E65}.Ad-Hoc|iPhoneSimulator.ActiveCfg = Release|Any CPU
		{9C9AA9C9-09C7-48DC-8D9C-311E8EB91E65}.Ad-Hoc|iPhoneSimulator.Build.0 = Release|Any CPU
		{9C9AA9C9-09C7-48DC-8D9C-311E8EB91E65}.Ad-Hoc|x86.ActiveCfg = Release|Any CPU
		{9C9AA9C9-09C7-48DC-8D9C-311E8EB91E65}.Ad-Hoc|x86.Build.0 = Release|Any CPU
		{9C9AA9C9-09C7-48DC-8D9C-311E8EB91E65}.AppStore|Any CPU.ActiveCfg = Release|Any CPU
		{9C9AA9C9-09C7-48DC-8D9C-311E8EB91E65}.AppStore|Any CPU.Build.0 = Release|Any CPU
		{9C9AA9C9-09C7-48DC-8D9C-311E8EB91E65}.AppStore|ARM.ActiveCfg = Release|Any CPU
		{9C9AA9C9-09C7-48DC-8D9C-311E8EB91E65}.AppStore|ARM.Build.0 = Release|Any CPU
		{9C9AA9C9-09C7-48DC-8D9C-311E8EB91E65}.AppStore|iPhone.ActiveCfg = Release|Any CPU
		{9C9AA9C9-09C7-48DC-8D9C-311E8EB91E65}.AppStore|iPhone.Build.0 = Release|Any CPU
		{9C9AA9C9-09C7-48DC-8D9C-311E8EB91E65}.AppStore|iPhoneSimulator.ActiveCfg = Release|Any CPU
		{9C9AA9C9-09C7-48DC-8D9C-311E8EB91E65}.AppStore|iPhoneSimulator.Build.0 = Release|Any CPU
		{9C9AA9C9-09C7-48DC-8D9C-311E8EB91E65}.AppStore|x86.ActiveCfg = Release|Any CPU
		{9C9AA9C9-09C7-48DC-8D9C-311E8EB91E65}.AppStore|x86.Build.0 = Release|Any CPU
		{9C9AA9C9-09C7-48DC-8D9C-311E8EB91E65}.Debug|Any CPU.ActiveCfg = Debug|Any CPU
		{9C9AA9C9-09C7-48DC-8D9C-311E8EB91E65}.Debug|Any CPU.Build.0 = Debug|Any CPU
		{9C9AA9C9-09C7-48DC-8D9C-311E8EB91E65}.Debug|ARM.ActiveCfg = Debug|Any CPU
		{9C9AA9C9-09C7-48DC-8D9C-311E8EB91E65}.Debug|ARM.Build.0 = Debug|Any CPU
		{9C9AA9C9-09C7-48DC-8D9C-311E8EB91E65}.Debug|iPhone.ActiveCfg = Debug|Any CPU
		{9C9AA9C9-09C7-48DC-8D9C-311E8EB91E65}.Debug|iPhone.Build.0 = Debug|Any CPU
		{9C9AA9C9-09C7-48DC-8D9C-311E8EB91E65}.Debug|iPhoneSimulator.ActiveCfg = Debug|Any CPU
		{9C9AA9C9-09C7-48DC-8D9C-311E8EB91E65}.Debug|iPhoneSimulator.Build.0 = Debug|Any CPU
		{9C9AA9C9-09C7-48DC-8D9C-311E8EB91E65}.Debug|x86.ActiveCfg = Debug|Any CPU
		{9C9AA9C9-09C7-48DC-8D9C-311E8EB91E65}.Debug|x86.Build.0 = Debug|Any CPU
		{9C9AA9C9-09C7-48DC-8D9C-311E8EB91E65}.Release|Any CPU.ActiveCfg = Release|Any CPU
		{9C9AA9C9-09C7-48DC-8D9C-311E8EB91E65}.Release|Any CPU.Build.0 = Release|Any CPU
		{9C9AA9C9-09C7-48DC-8D9C-311E8EB91E65}.Release|ARM.ActiveCfg = Release|Any CPU
		{9C9AA9C9-09C7-48DC-8D9C-311E8EB91E65}.Release|ARM.Build.0 = Release|Any CPU
		{9C9AA9C9-09C7-48DC-8D9C-311E8EB91E65}.Release|iPhone.ActiveCfg = Release|Any CPU
		{9C9AA9C9-09C7-48DC-8D9C-311E8EB91E65}.Release|iPhone.Build.0 = Release|Any CPU
		{9C9AA9C9-09C7-48DC-8D9C-311E8EB91E65}.Release|iPhoneSimulator.ActiveCfg = Release|Any CPU
		{9C9AA9C9-09C7-48DC-8D9C-311E8EB91E65}.Release|iPhoneSimulator.Build.0 = Release|Any CPU
		{9C9AA9C9-09C7-48DC-8D9C-311E8EB91E65}.Release|x86.ActiveCfg = Release|Any CPU
		{9C9AA9C9-09C7-48DC-8D9C-311E8EB91E65}.Release|x86.Build.0 = Release|Any CPU
		{C8D56B2D-5828-4D8F-A3DE-5458C31D714A}.Ad-Hoc|Any CPU.ActiveCfg = Release|Any CPU
		{C8D56B2D-5828-4D8F-A3DE-5458C31D714A}.Ad-Hoc|Any CPU.Build.0 = Release|Any CPU
		{C8D56B2D-5828-4D8F-A3DE-5458C31D714A}.Ad-Hoc|ARM.ActiveCfg = Release|Any CPU
		{C8D56B2D-5828-4D8F-A3DE-5458C31D714A}.Ad-Hoc|ARM.Build.0 = Release|Any CPU
		{C8D56B2D-5828-4D8F-A3DE-5458C31D714A}.Ad-Hoc|iPhone.ActiveCfg = Release|Any CPU
		{C8D56B2D-5828-4D8F-A3DE-5458C31D714A}.Ad-Hoc|iPhone.Build.0 = Release|Any CPU
		{C8D56B2D-5828-4D8F-A3DE-5458C31D714A}.Ad-Hoc|iPhoneSimulator.ActiveCfg = Release|Any CPU
		{C8D56B2D-5828-4D8F-A3DE-5458C31D714A}.Ad-Hoc|iPhoneSimulator.Build.0 = Release|Any CPU
		{C8D56B2D-5828-4D8F-A3DE-5458C31D714A}.Ad-Hoc|x86.ActiveCfg = Release|Any CPU
		{C8D56B2D-5828-4D8F-A3DE-5458C31D714A}.Ad-Hoc|x86.Build.0 = Release|Any CPU
		{C8D56B2D-5828-4D8F-A3DE-5458C31D714A}.AppStore|Any CPU.ActiveCfg = Release|Any CPU
		{C8D56B2D-5828-4D8F-A3DE-5458C31D714A}.AppStore|Any CPU.Build.0 = Release|Any CPU
		{C8D56B2D-5828-4D8F-A3DE-5458C31D714A}.AppStore|ARM.ActiveCfg = Release|Any CPU
		{C8D56B2D-5828-4D8F-A3DE-5458C31D714A}.AppStore|ARM.Build.0 = Release|Any CPU
		{C8D56B2D-5828-4D8F-A3DE-5458C31D714A}.AppStore|iPhone.ActiveCfg = Release|Any CPU
		{C8D56B2D-5828-4D8F-A3DE-5458C31D714A}.AppStore|iPhone.Build.0 = Release|Any CPU
		{C8D56B2D-5828-4D8F-A3DE-5458C31D714A}.AppStore|iPhoneSimulator.ActiveCfg = Release|Any CPU
		{C8D56B2D-5828-4D8F-A3DE-5458C31D714A}.AppStore|iPhoneSimulator.Build.0 = Release|Any CPU
		{C8D56B2D-5828-4D8F-A3DE-5458C31D714A}.AppStore|x86.ActiveCfg = Release|Any CPU
		{C8D56B2D-5828-4D8F-A3DE-5458C31D714A}.AppStore|x86.Build.0 = Release|Any CPU
		{C8D56B2D-5828-4D8F-A3DE-5458C31D714A}.Debug|Any CPU.ActiveCfg = Debug|Any CPU
		{C8D56B2D-5828-4D8F-A3DE-5458C31D714A}.Debug|Any CPU.Build.0 = Debug|Any CPU
		{C8D56B2D-5828-4D8F-A3DE-5458C31D714A}.Debug|ARM.ActiveCfg = Debug|Any CPU
		{C8D56B2D-5828-4D8F-A3DE-5458C31D714A}.Debug|ARM.Build.0 = Debug|Any CPU
		{C8D56B2D-5828-4D8F-A3DE-5458C31D714A}.Debug|iPhone.ActiveCfg = Debug|Any CPU
		{C8D56B2D-5828-4D8F-A3DE-5458C31D714A}.Debug|iPhone.Build.0 = Debug|Any CPU
		{C8D56B2D-5828-4D8F-A3DE-5458C31D714A}.Debug|iPhoneSimulator.ActiveCfg = Debug|Any CPU
		{C8D56B2D-5828-4D8F-A3DE-5458C31D714A}.Debug|iPhoneSimulator.Build.0 = Debug|Any CPU
		{C8D56B2D-5828-4D8F-A3DE-5458C31D714A}.Debug|x86.ActiveCfg = Debug|Any CPU
		{C8D56B2D-5828-4D8F-A3DE-5458C31D714A}.Debug|x86.Build.0 = Debug|Any CPU
		{C8D56B2D-5828-4D8F-A3DE-5458C31D714A}.Release|Any CPU.ActiveCfg = Release|Any CPU
		{C8D56B2D-5828-4D8F-A3DE-5458C31D714A}.Release|Any CPU.Build.0 = Release|Any CPU
		{C8D56B2D-5828-4D8F-A3DE-5458C31D714A}.Release|ARM.ActiveCfg = Release|Any CPU
		{C8D56B2D-5828-4D8F-A3DE-5458C31D714A}.Release|ARM.Build.0 = Release|Any CPU
		{C8D56B2D-5828-4D8F-A3DE-5458C31D714A}.Release|iPhone.ActiveCfg = Release|Any CPU
		{C8D56B2D-5828-4D8F-A3DE-5458C31D714A}.Release|iPhone.Build.0 = Release|Any CPU
		{C8D56B2D-5828-4D8F-A3DE-5458C31D714A}.Release|iPhoneSimulator.ActiveCfg = Release|Any CPU
		{C8D56B2D-5828-4D8F-A3DE-5458C31D714A}.Release|iPhoneSimulator.Build.0 = Release|Any CPU
		{C8D56B2D-5828-4D8F-A3DE-5458C31D714A}.Release|x86.ActiveCfg = Release|Any CPU
		{C8D56B2D-5828-4D8F-A3DE-5458C31D714A}.Release|x86.Build.0 = Release|Any CPU
	EndGlobalSection
	GlobalSection(SolutionProperties) = preSolution
		HideSolutionNode = FALSE
	EndGlobalSection
	GlobalSection(NestedProjects) = preSolution
		{E887D106-44B8-46EF-9BCC-FF68AD1A1B71} = {1A5ABB89-2797-4946-8D46-F07144F616F3}
		{FDA37B7E-32E7-45C8-9D09-7D34DAB2CC28} = {59231552-9EA8-48E4-BEBB-A964666F36D0}
		{A09B1D2D-2DC3-46BB-8E85-19C1D3FC54E8} = {59231552-9EA8-48E4-BEBB-A964666F36D0}
		{BB1F9777-4230-4FE2-8EB0-8BD0A13B4408} = {59231552-9EA8-48E4-BEBB-A964666F36D0}
		{E1EE11FF-BA01-4919-8984-C61CCF8CAFAB} = {59231552-9EA8-48E4-BEBB-A964666F36D0}
		{D92D7642-43D3-47F9-B5E5-9D8F5944AC84} = {59231552-9EA8-48E4-BEBB-A964666F36D0}
		{C2DCD7CF-3780-4003-B4BE-DBA8DA5C6178} = {59231552-9EA8-48E4-BEBB-A964666F36D0}
		{92A500B2-6AC1-4E57-9028-210A1E1B3BBF} = {59231552-9EA8-48E4-BEBB-A964666F36D0}
		{9C9AA9C9-09C7-48DC-8D9C-311E8EB91E65} = {59231552-9EA8-48E4-BEBB-A964666F36D0}
		{C8D56B2D-5828-4D8F-A3DE-5458C31D714A} = {59231552-9EA8-48E4-BEBB-A964666F36D0}
	EndGlobalSection
EndGlobal
